// !$*UTF8*$!
{
	archiveVersion = 1;
	classes = {
	};
	objectVersion = 46;
	objects = {

/* Begin PBXAggregateTarget section */
		45B8AE8F19BCE56E00C61A3F /* All */ = {
			isa = PBXAggregateTarget;
			buildConfigurationList = 45B8AE9019BCE56E00C61A3F /* Build configuration list for PBXAggregateTarget "All" */;
			buildPhases = (
			);
			dependencies = (
				4514F5F91A61D2EE00CC9C26 /* PBXTargetDependency */,
				454FE67C19C77094002E4DEF /* PBXTargetDependency */,
				45B8AE9419BCE57900C61A3F /* PBXTargetDependency */,
				45B8AE9619BCE57900C61A3F /* PBXTargetDependency */,
			);
			name = All;
			productName = All;
		};
/* End PBXAggregateTarget section */

/* Begin PBXBuildFile section */
		0205AE4A1A6678D3006444C8 /* CGPoint+Ruler.swift in Sources */ = {isa = PBXBuildFile; fileRef = 0205AE491A6678D3006444C8 /* CGPoint+Ruler.swift */; };
		0205AE4B1A6678D3006444C8 /* CGPoint+Ruler.swift in Sources */ = {isa = PBXBuildFile; fileRef = 0205AE491A6678D3006444C8 /* CGPoint+Ruler.swift */; };
		026F21041A5FB23E00A52D0E /* Fuzzy.swift in Sources */ = {isa = PBXBuildFile; fileRef = 454B0D5619CA9E7F00044B7C /* Fuzzy.swift */; };
		026F21051A5FB25800A52D0E /* CoordinateSystems.swift in Sources */ = {isa = PBXBuildFile; fileRef = 456877E119B6857B004BEFD6 /* CoordinateSystems.swift */; };
		026F21061A5FB26600A52D0E /* MonotoneChain.swift in Sources */ = {isa = PBXBuildFile; fileRef = 45BA25B719CA112E00B612B7 /* MonotoneChain.swift */; };
		029651AB1A6366FA0099DA1C /* CDisplayLink.h in Headers */ = {isa = PBXBuildFile; fileRef = 029651A91A6366FA0099DA1C /* CDisplayLink.h */; settings = {ATTRIBUTES = (Public, ); }; };
		029651AC1A6366FA0099DA1C /* CDisplayLink.m in Sources */ = {isa = PBXBuildFile; fileRef = 029651AA1A6366FA0099DA1C /* CDisplayLink.m */; };
		02BF437E1A64FACB00132343 /* BezierCurve+BoundingBox.swift in Sources */ = {isa = PBXBuildFile; fileRef = 02BF437D1A64FACB00132343 /* BezierCurve+BoundingBox.swift */; };
		02BF437F1A64FACB00132343 /* BezierCurve+BoundingBox.swift in Sources */ = {isa = PBXBuildFile; fileRef = 02BF437D1A64FACB00132343 /* BezierCurve+BoundingBox.swift */; };
		2E0F5BD91A6986DA00221BB0 /* ColorTests.swift in Sources */ = {isa = PBXBuildFile; fileRef = 2E0F5BD81A6986DA00221BB0 /* ColorTests.swift */; };
		2E0F5BDB1A69BBA600221BB0 /* QuadrantTests.swift in Sources */ = {isa = PBXBuildFile; fileRef = 2E0F5BDA1A69BBA600221BB0 /* QuadrantTests.swift */; };
		2E0F5BDD1A69C43A00221BB0 /* UtilitiesTests.swift in Sources */ = {isa = PBXBuildFile; fileRef = 2E0F5BDC1A69C43A00221BB0 /* UtilitiesTests.swift */; };
		2E0F5BDF1A6A8FCA00221BB0 /* GrahamScanUnitTests.swift in Sources */ = {isa = PBXBuildFile; fileRef = 2E0F5BDE1A6A8FCA00221BB0 /* GrahamScanUnitTests.swift */; };
		450155841A62F9F600D7FB7B /* SwiftGraphicsPlayground_UnitTests.swift in Sources */ = {isa = PBXBuildFile; fileRef = 450155831A62F9F600D7FB7B /* SwiftGraphicsPlayground_UnitTests.swift */; };
		450155851A62F9F600D7FB7B /* SwiftGraphicsPlayground.framework in Frameworks */ = {isa = PBXBuildFile; fileRef = 454FE66219C77031002E4DEF /* SwiftGraphicsPlayground.framework */; };
		450717071A6B7EBA00E86EB4 /* Bitmap.swift in Sources */ = {isa = PBXBuildFile; fileRef = 450717061A6B7EBA00E86EB4 /* Bitmap.swift */; };
		450717091A6B7F0700E86EB4 /* CGTypes+String.swift in Sources */ = {isa = PBXBuildFile; fileRef = 450717081A6B7F0700E86EB4 /* CGTypes+String.swift */; };
		4507170D1A6B803F00E86EB4 /* Geometry+Drawable.swift in Sources */ = {isa = PBXBuildFile; fileRef = 4507170C1A6B803F00E86EB4 /* Geometry+Drawable.swift */; };
		4507170F1A6B85C500E86EB4 /* Triangle+Markup.swift in Sources */ = {isa = PBXBuildFile; fileRef = 4507170E1A6B85C500E86EB4 /* Triangle+Markup.swift */; };
		4514F60E1A61D4C400CC9C26 /* ArcView.swift in Sources */ = {isa = PBXBuildFile; fileRef = 4514F5FB1A61D4C400CC9C26 /* ArcView.swift */; };
		4514F60F1A61D4C400CC9C26 /* ArcViewController.swift in Sources */ = {isa = PBXBuildFile; fileRef = 4514F5FC1A61D4C400CC9C26 /* ArcViewController.swift */; };
		4514F6101A61D4C400CC9C26 /* DemoSVGViewController.swift in Sources */ = {isa = PBXBuildFile; fileRef = 4514F5FE1A61D4C400CC9C26 /* DemoSVGViewController.swift */; };
		4514F6111A61D4C400CC9C26 /* DemoView.swift in Sources */ = {isa = PBXBuildFile; fileRef = 4514F5FF1A61D4C400CC9C26 /* DemoView.swift */; };
		4514F6121A61D4C400CC9C26 /* EditorView.swift in Sources */ = {isa = PBXBuildFile; fileRef = 4514F6001A61D4C400CC9C26 /* EditorView.swift */; };
		4514F6131A61D4C400CC9C26 /* main.swift in Sources */ = {isa = PBXBuildFile; fileRef = 4514F6011A61D4C400CC9C26 /* main.swift */; };
		4514F6151A61D4C400CC9C26 /* QuadTreeView.swift in Sources */ = {isa = PBXBuildFile; fileRef = 4514F6031A61D4C400CC9C26 /* QuadTreeView.swift */; };
		4514F6181A61D4C400CC9C26 /* SketchOmniGraffle.swift in Sources */ = {isa = PBXBuildFile; fileRef = 4514F6061A61D4C400CC9C26 /* SketchOmniGraffle.swift */; };
		4514F6191A61D4C400CC9C26 /* SketchView.swift in Sources */ = {isa = PBXBuildFile; fileRef = 4514F6071A61D4C400CC9C26 /* SketchView.swift */; };
		4514F61A1A61D4C400CC9C26 /* SVGView.swift in Sources */ = {isa = PBXBuildFile; fileRef = 4514F6081A61D4C400CC9C26 /* SVGView.swift */; };
		4514F61B1A61D4C400CC9C26 /* SwiftOutline.svg in Resources */ = {isa = PBXBuildFile; fileRef = 4514F6091A61D4C400CC9C26 /* SwiftOutline.svg */; };
		4514F61C1A61D4C400CC9C26 /* Test.graffle in Resources */ = {isa = PBXBuildFile; fileRef = 4514F60A1A61D4C400CC9C26 /* Test.graffle */; };
		4514F61D1A61D4C400CC9C26 /* TestArc.swift in Sources */ = {isa = PBXBuildFile; fileRef = 4514F60B1A61D4C400CC9C26 /* TestArc.swift */; };
		4514F6211A61D56500CC9C26 /* libz.dylib in Frameworks */ = {isa = PBXBuildFile; fileRef = 4514F6201A61D56500CC9C26 /* libz.dylib */; };
		4515825C19C9F21000856C91 /* Turn.swift in Sources */ = {isa = PBXBuildFile; fileRef = 4515825B19C9F21000856C91 /* Turn.swift */; };
		4515825D19C9F21800856C91 /* Turn.swift in Sources */ = {isa = PBXBuildFile; fileRef = 4515825B19C9F21000856C91 /* Turn.swift */; };
		4515825F19C9F6A600856C91 /* TurnTests.swift in Sources */ = {isa = PBXBuildFile; fileRef = 4515825E19C9F6A600856C91 /* TurnTests.swift */; };
		4515826119C9F83300856C91 /* Private.swift in Sources */ = {isa = PBXBuildFile; fileRef = 4515826019C9F83300856C91 /* Private.swift */; };
		4515826219C9F83300856C91 /* Private.swift in Sources */ = {isa = PBXBuildFile; fileRef = 4515826019C9F83300856C91 /* Private.swift */; };
		4537991A19AA6C37004DF99E /* CGPointTests.swift in Sources */ = {isa = PBXBuildFile; fileRef = 4537991919AA6C37004DF99E /* CGPointTests.swift */; };
		4537991D19AA788B004DF99E /* CGSizeTests.swift in Sources */ = {isa = PBXBuildFile; fileRef = 4537991C19AA788B004DF99E /* CGSizeTests.swift */; };
		453997C91A61F89F00572E47 /* BouncingBalls.swift in Sources */ = {isa = PBXBuildFile; fileRef = 453997C31A61F89F00572E47 /* BouncingBalls.swift */; };
		453997CA1A61F89F00572E47 /* Grid.swift in Sources */ = {isa = PBXBuildFile; fileRef = 453997C41A61F89F00572E47 /* Grid.swift */; };
		453997CB1A61F89F00572E47 /* MarchingSquares.swift in Sources */ = {isa = PBXBuildFile; fileRef = 453997C51A61F89F00572E47 /* MarchingSquares.swift */; };
		453997CC1A61F89F00572E47 /* MetaballsView.swift in Sources */ = {isa = PBXBuildFile; fileRef = 453997C61A61F89F00572E47 /* MetaballsView.swift */; };
		453997CD1A61F89F00572E47 /* Polygon.swift in Sources */ = {isa = PBXBuildFile; fileRef = 453997C71A61F89F00572E47 /* Polygon.swift */; };
		453A8FBD1A69DFC000D7EAD0 /* Silly.swift in Sources */ = {isa = PBXBuildFile; fileRef = 453A8FBC1A69DFC000D7EAD0 /* Silly.swift */; };
		454B0D5719CA9E7F00044B7C /* Fuzzy.swift in Sources */ = {isa = PBXBuildFile; fileRef = 454B0D5619CA9E7F00044B7C /* Fuzzy.swift */; };
		454D550D19AA5CE6000E3EB3 /* SwiftGraphics.h in Headers */ = {isa = PBXBuildFile; fileRef = 454D550C19AA5CE6000E3EB3 /* SwiftGraphics.h */; settings = {ATTRIBUTES = (Public, ); }; };
		454FE66719C77031002E4DEF /* SwiftGraphicsPlayground.h in Headers */ = {isa = PBXBuildFile; fileRef = 454FE66619C77031002E4DEF /* SwiftGraphicsPlayground.h */; settings = {ATTRIBUTES = (Public, ); }; };
		454FE68019C77455002E4DEF /* SwiftGraphicsPlayground.swift in Sources */ = {isa = PBXBuildFile; fileRef = 454FE67F19C77455002E4DEF /* SwiftGraphicsPlayground.swift */; };
		454FE68319C7799B002E4DEF /* SwiftGraphics.framework in Frameworks */ = {isa = PBXBuildFile; fileRef = 454D550719AA5CE6000E3EB3 /* SwiftGraphics.framework */; };
		455621901A6A2DD800EB181E /* HandleEditorView.swift in Sources */ = {isa = PBXBuildFile; fileRef = 4556218E1A6A2DD800EB181E /* HandleEditorView.swift */; };
		455621911A6A2DD800EB181E /* Scratch.swift in Sources */ = {isa = PBXBuildFile; fileRef = 4556218F1A6A2DD800EB181E /* Scratch.swift */; };
		455621931A6A2EAC00EB181E /* Dragging.swift in Sources */ = {isa = PBXBuildFile; fileRef = 455621921A6A2EAC00EB181E /* Dragging.swift */; };
		45563F2E19B1047E003B1639 /* CColorConverter.h in Headers */ = {isa = PBXBuildFile; fileRef = 45563F2C19B1047E003B1639 /* CColorConverter.h */; settings = {ATTRIBUTES = (Public, ); }; };
		45563F2F19B1047E003B1639 /* CColorConverter.m in Sources */ = {isa = PBXBuildFile; fileRef = 45563F2D19B1047E003B1639 /* CColorConverter.m */; };
		455D7F5C1A69CBB20088EA94 /* Ellipse+Markup.swift in Sources */ = {isa = PBXBuildFile; fileRef = 455D7F5B1A69CBB20088EA94 /* Ellipse+Markup.swift */; };
		456877E219B6857B004BEFD6 /* CoordinateSystems.swift in Sources */ = {isa = PBXBuildFile; fileRef = 456877E119B6857B004BEFD6 /* CoordinateSystems.swift */; };
		456C315C19C65B0E003AA1DF /* Ellipse.swift in Sources */ = {isa = PBXBuildFile; fileRef = 456C315B19C65B0E003AA1DF /* Ellipse.swift */; };
		456C315D19C65B0E003AA1DF /* Ellipse.swift in Sources */ = {isa = PBXBuildFile; fileRef = 456C315B19C65B0E003AA1DF /* Ellipse.swift */; };
		4574C0251A64604900454DE5 /* CGContext_OSX.swift in Sources */ = {isa = PBXBuildFile; fileRef = 4574C0241A64604900454DE5 /* CGContext_OSX.swift */; };
		4574C0271A64613A00454DE5 /* CGContext+BitmapContexts.swift in Sources */ = {isa = PBXBuildFile; fileRef = 4574C0261A64613A00454DE5 /* CGContext+BitmapContexts.swift */; };
		4574C0281A64613A00454DE5 /* CGContext+BitmapContexts.swift in Sources */ = {isa = PBXBuildFile; fileRef = 4574C0261A64613A00454DE5 /* CGContext+BitmapContexts.swift */; };
		457DEBCF1A6493AF003E4363 /* Style.swift in Sources */ = {isa = PBXBuildFile; fileRef = 457DEBCE1A6493AF003E4363 /* Style.swift */; };
		457DEBD31A6495BB003E4363 /* Drawable.swift in Sources */ = {isa = PBXBuildFile; fileRef = 457DEBD21A6495BB003E4363 /* Drawable.swift */; };
		458BDD8219BCF7D100CD0EAC /* QuadTree.swift in Sources */ = {isa = PBXBuildFile; fileRef = 458BDD8119BCF7D100CD0EAC /* QuadTree.swift */; };
		458BDD8319BCF7D100CD0EAC /* QuadTree.swift in Sources */ = {isa = PBXBuildFile; fileRef = 458BDD8119BCF7D100CD0EAC /* QuadTree.swift */; };
		4594B08919AEDC2100101EB4 /* SwiftGraphicsHelper.h in Headers */ = {isa = PBXBuildFile; fileRef = 4594B08719AEDC2100101EB4 /* SwiftGraphicsHelper.h */; settings = {ATTRIBUTES = (Public, ); }; };
		4594B08A19AEDC2100101EB4 /* SwiftGraphicsHelper.h in Headers */ = {isa = PBXBuildFile; fileRef = 4594B08719AEDC2100101EB4 /* SwiftGraphicsHelper.h */; settings = {ATTRIBUTES = (Public, ); }; };
		4594B08B19AEDC2100101EB4 /* SwiftGraphicsHelper.m in Sources */ = {isa = PBXBuildFile; fileRef = 4594B08819AEDC2100101EB4 /* SwiftGraphicsHelper.m */; };
		4594B08C19AEDC2100101EB4 /* SwiftGraphicsHelper.m in Sources */ = {isa = PBXBuildFile; fileRef = 4594B08819AEDC2100101EB4 /* SwiftGraphicsHelper.m */; };
		4594B09219AEE31E00101EB4 /* Path.swift in Sources */ = {isa = PBXBuildFile; fileRef = 4594B09119AEE31E00101EB4 /* Path.swift */; };
		4594B09319AEE31E00101EB4 /* Path.swift in Sources */ = {isa = PBXBuildFile; fileRef = 4594B09119AEE31E00101EB4 /* Path.swift */; };
		459A4C4C1A69913600E87608 /* Circle.swift in Sources */ = {isa = PBXBuildFile; fileRef = 459A4C4B1A69913600E87608 /* Circle.swift */; };
		459A4C4D1A69913600E87608 /* Circle.swift in Sources */ = {isa = PBXBuildFile; fileRef = 459A4C4B1A69913600E87608 /* Circle.swift */; };
		459A4C4E1A69914000E87608 /* Geometry+Utilities.swift in Sources */ = {isa = PBXBuildFile; fileRef = 45C11B5C1A6975400029A61C /* Geometry+Utilities.swift */; };
		459A4C4F1A69914000E87608 /* Triangle.swift in Sources */ = {isa = PBXBuildFile; fileRef = 45C11B5A1A69751B0029A61C /* Triangle.swift */; };
		459EE5E719AEC5130012E023 /* BezierCurve.swift in Sources */ = {isa = PBXBuildFile; fileRef = 459EE5DC19AEC5130012E023 /* BezierCurve.swift */; };
		459EE5E819AEC5130012E023 /* BezierCurve.swift in Sources */ = {isa = PBXBuildFile; fileRef = 459EE5DC19AEC5130012E023 /* BezierCurve.swift */; };
		459EE5E919AEC5130012E023 /* CGAffineTransform.swift in Sources */ = {isa = PBXBuildFile; fileRef = 459EE5DD19AEC5130012E023 /* CGAffineTransform.swift */; };
		459EE5EA19AEC5130012E023 /* CGAffineTransform.swift in Sources */ = {isa = PBXBuildFile; fileRef = 459EE5DD19AEC5130012E023 /* CGAffineTransform.swift */; };
		459EE5EB19AEC5130012E023 /* CGContext.swift in Sources */ = {isa = PBXBuildFile; fileRef = 459EE5DE19AEC5130012E023 /* CGContext.swift */; };
		459EE5EC19AEC5130012E023 /* CGContext.swift in Sources */ = {isa = PBXBuildFile; fileRef = 459EE5DE19AEC5130012E023 /* CGContext.swift */; };
		459EE5ED19AEC5130012E023 /* CGPath.swift in Sources */ = {isa = PBXBuildFile; fileRef = 459EE5DF19AEC5130012E023 /* CGPath.swift */; };
		459EE5EE19AEC5130012E023 /* CGPath.swift in Sources */ = {isa = PBXBuildFile; fileRef = 459EE5DF19AEC5130012E023 /* CGPath.swift */; };
		459EE5EF19AEC5130012E023 /* CGPoint.swift in Sources */ = {isa = PBXBuildFile; fileRef = 459EE5E019AEC5130012E023 /* CGPoint.swift */; };
		459EE5F019AEC5130012E023 /* CGPoint.swift in Sources */ = {isa = PBXBuildFile; fileRef = 459EE5E019AEC5130012E023 /* CGPoint.swift */; };
		459EE5F119AEC5130012E023 /* CGRect.swift in Sources */ = {isa = PBXBuildFile; fileRef = 459EE5E119AEC5130012E023 /* CGRect.swift */; };
		459EE5F219AEC5130012E023 /* CGRect.swift in Sources */ = {isa = PBXBuildFile; fileRef = 459EE5E119AEC5130012E023 /* CGRect.swift */; };
		459EE5F319AEC5130012E023 /* CGSize.swift in Sources */ = {isa = PBXBuildFile; fileRef = 459EE5E219AEC5130012E023 /* CGSize.swift */; };
		459EE5F419AEC5130012E023 /* CGSize.swift in Sources */ = {isa = PBXBuildFile; fileRef = 459EE5E219AEC5130012E023 /* CGSize.swift */; };
		459EE5F519AEC5130012E023 /* Geometry.swift in Sources */ = {isa = PBXBuildFile; fileRef = 459EE5E319AEC5130012E023 /* Geometry.swift */; };
		459EE5F619AEC5130012E023 /* Geometry.swift in Sources */ = {isa = PBXBuildFile; fileRef = 459EE5E319AEC5130012E023 /* Geometry.swift */; };
		459EE5F719AEC5130012E023 /* Quadrant.swift in Sources */ = {isa = PBXBuildFile; fileRef = 459EE5E419AEC5130012E023 /* Quadrant.swift */; };
		459EE5F819AEC5130012E023 /* Quadrant.swift in Sources */ = {isa = PBXBuildFile; fileRef = 459EE5E419AEC5130012E023 /* Quadrant.swift */; };
		459EE5F919AEC5130012E023 /* Scaling.swift in Sources */ = {isa = PBXBuildFile; fileRef = 459EE5E519AEC5130012E023 /* Scaling.swift */; };
		459EE5FA19AEC5130012E023 /* Scaling.swift in Sources */ = {isa = PBXBuildFile; fileRef = 459EE5E519AEC5130012E023 /* Scaling.swift */; };
		459EE5FB19AEC5130012E023 /* Utilities.swift in Sources */ = {isa = PBXBuildFile; fileRef = 459EE5E619AEC5130012E023 /* Utilities.swift */; };
		459EE5FC19AEC5130012E023 /* Utilities.swift in Sources */ = {isa = PBXBuildFile; fileRef = 459EE5E619AEC5130012E023 /* Utilities.swift */; };
		45A14E1C1A69D582006F4949 /* GenericGeometryTypes.swift in Sources */ = {isa = PBXBuildFile; fileRef = 45A14E1B1A69D582006F4949 /* GenericGeometryTypes.swift */; };
		45A14E1D1A69D582006F4949 /* GenericGeometryTypes.swift in Sources */ = {isa = PBXBuildFile; fileRef = 45A14E1B1A69D582006F4949 /* GenericGeometryTypes.swift */; };
		45B32D481A637DF3004FD3FB /* Arc.swift in Sources */ = {isa = PBXBuildFile; fileRef = 45B32D451A637DF3004FD3FB /* Arc.swift */; };
		45B32D4A1A637DF3004FD3FB /* Sketch.swift in Sources */ = {isa = PBXBuildFile; fileRef = 45B32D471A637DF3004FD3FB /* Sketch.swift */; };
		45B32D4D1A637E74004FD3FB /* libz.dylib in Frameworks */ = {isa = PBXBuildFile; fileRef = 4514F6201A61D56500CC9C26 /* libz.dylib */; };
		45B32D4F1A637ECD004FD3FB /* RegularExpression.swift in Sources */ = {isa = PBXBuildFile; fileRef = 45B32D4E1A637ECC004FD3FB /* RegularExpression.swift */; };
		45B32D511A637EE7004FD3FB /* Utilities.swift in Sources */ = {isa = PBXBuildFile; fileRef = 45B32D501A637EE7004FD3FB /* Utilities.swift */; };
		45B32D531A637F10004FD3FB /* OmniGraffle.swift in Sources */ = {isa = PBXBuildFile; fileRef = 45B32D521A637F10004FD3FB /* OmniGraffle.swift */; };
		45B8787C1A634F1F00CE168E /* Random.swift in Sources */ = {isa = PBXBuildFile; fileRef = 45B8787B1A634F1F00CE168E /* Random.swift */; };
		45B8AE8E19BCE4ED00C61A3F /* CColorConverter.m in Sources */ = {isa = PBXBuildFile; fileRef = 45563F2D19B1047E003B1639 /* CColorConverter.m */; };
		45BA25B819CA112E00B612B7 /* MonotoneChain.swift in Sources */ = {isa = PBXBuildFile; fileRef = 45BA25B719CA112E00B612B7 /* MonotoneChain.swift */; };
		45BA25BD19CA1E8A00B612B7 /* ConvexHullTests.swift in Sources */ = {isa = PBXBuildFile; fileRef = 45BA25BC19CA1E8A00B612B7 /* ConvexHullTests.swift */; };
		45C11B5B1A69751B0029A61C /* Triangle.swift in Sources */ = {isa = PBXBuildFile; fileRef = 45C11B5A1A69751B0029A61C /* Triangle.swift */; };
		45C11B5D1A6975400029A61C /* Geometry+Utilities.swift in Sources */ = {isa = PBXBuildFile; fileRef = 45C11B5C1A6975400029A61C /* Geometry+Utilities.swift */; };
		45C6DC751A13E59C004C4693 /* TransformTests.swift in Sources */ = {isa = PBXBuildFile; fileRef = 45C6DC741A13E59C004C4693 /* TransformTests.swift */; };
		45CFDC661A61CA0700053F96 /* Utilities.swift in Sources */ = {isa = PBXBuildFile; fileRef = 45CFDC651A61CA0700053F96 /* Utilities.swift */; };
		45CFDC691A61CB4500053F96 /* GrahamScan.swift in Sources */ = {isa = PBXBuildFile; fileRef = 45CFDC671A61CB3000053F96 /* GrahamScan.swift */; };
		45CFDC6A1A61CB4500053F96 /* GrahamScan.swift in Sources */ = {isa = PBXBuildFile; fileRef = 45CFDC671A61CB3000053F96 /* GrahamScan.swift */; };
		45CFDC6C1A61CB6800053F96 /* ConvexHull.swift in Sources */ = {isa = PBXBuildFile; fileRef = 45CFDC6B1A61CB6800053F96 /* ConvexHull.swift */; };
		45CFDC6D1A61CB6800053F96 /* ConvexHull.swift in Sources */ = {isa = PBXBuildFile; fileRef = 45CFDC6B1A61CB6800053F96 /* ConvexHull.swift */; };
		45CFDCA31A61CE3500053F96 /* AppDelegate.swift in Sources */ = {isa = PBXBuildFile; fileRef = 45CFDCA21A61CE3500053F96 /* AppDelegate.swift */; };
		45CFDCA51A61CE3500053F96 /* ViewController.swift in Sources */ = {isa = PBXBuildFile; fileRef = 45CFDCA41A61CE3500053F96 /* ViewController.swift */; };
		45CFDCA71A61CE3500053F96 /* Images.xcassets in Resources */ = {isa = PBXBuildFile; fileRef = 45CFDCA61A61CE3500053F96 /* Images.xcassets */; };
		45CFDCAA1A61CE3500053F96 /* Main.storyboard in Resources */ = {isa = PBXBuildFile; fileRef = 45CFDCA81A61CE3500053F96 /* Main.storyboard */; };
		45D7862C1A6A2743006A152E /* BezierPath+Markup.swift in Sources */ = {isa = PBXBuildFile; fileRef = 45D7862B1A6A2743006A152E /* BezierPath+Markup.swift */; };
		45DA4AC919AA62A800133F32 /* SwiftGraphics.h in Headers */ = {isa = PBXBuildFile; fileRef = 45DA4AC819AA62A800133F32 /* SwiftGraphics.h */; settings = {ATTRIBUTES = (Public, ); }; };
		45E298711A69AE76006FE740 /* Markup.swift in Sources */ = {isa = PBXBuildFile; fileRef = 45E298701A69AE76006FE740 /* Markup.swift */; };
		45E298741A69B2F5006FE740 /* BezierCurveChain.swift in Sources */ = {isa = PBXBuildFile; fileRef = 45E298721A69B2DC006FE740 /* BezierCurveChain.swift */; };
		45E298751A69B2F6006FE740 /* BezierCurveChain.swift in Sources */ = {isa = PBXBuildFile; fileRef = 45E298721A69B2DC006FE740 /* BezierCurveChain.swift */; };
		45F32C721A6455BB00E3DA68 /* CGColor.swift in Sources */ = {isa = PBXBuildFile; fileRef = 45F32C711A6455BB00E3DA68 /* CGColor.swift */; };
		45F32C731A6455BB00E3DA68 /* CGColor.swift in Sources */ = {isa = PBXBuildFile; fileRef = 45F32C711A6455BB00E3DA68 /* CGColor.swift */; };
		45F32C751A64590E00E3DA68 /* Color.swift in Sources */ = {isa = PBXBuildFile; fileRef = 45F32C741A64590E00E3DA68 /* Color.swift */; };
		45F32C761A64590E00E3DA68 /* Color.swift in Sources */ = {isa = PBXBuildFile; fileRef = 45F32C741A64590E00E3DA68 /* Color.swift */; };
/* End PBXBuildFile section */

/* Begin PBXContainerItemProxy section */
		450155861A62F9F600D7FB7B /* PBXContainerItemProxy */ = {
			isa = PBXContainerItemProxy;
			containerPortal = 454D54FE19AA5CE6000E3EB3 /* Project object */;
			proxyType = 1;
			remoteGlobalIDString = 454FE66119C77031002E4DEF;
			remoteInfo = SwiftGraphicsPlayground;
		};
		4514F5F81A61D2EE00CC9C26 /* PBXContainerItemProxy */ = {
			isa = PBXContainerItemProxy;
			containerPortal = 454D54FE19AA5CE6000E3EB3 /* Project object */;
			proxyType = 1;
			remoteGlobalIDString = 45CFDC9D1A61CE3500053F96;
			remoteInfo = SwiftGraphics_OSX_UITest;
		};
		453997BB1A61F20A00572E47 /* PBXContainerItemProxy */ = {
			isa = PBXContainerItemProxy;
			containerPortal = 454D54FE19AA5CE6000E3EB3 /* Project object */;
			proxyType = 1;
			remoteGlobalIDString = 454FE66119C77031002E4DEF;
			remoteInfo = SwiftGraphicsPlayground;
		};
		454FE67B19C77094002E4DEF /* PBXContainerItemProxy */ = {
			isa = PBXContainerItemProxy;
			containerPortal = 454D54FE19AA5CE6000E3EB3 /* Project object */;
			proxyType = 1;
			remoteGlobalIDString = 454FE66119C77031002E4DEF;
			remoteInfo = SwiftGraphicsPlayground;
		};
		454FE68119C77993002E4DEF /* PBXContainerItemProxy */ = {
			isa = PBXContainerItemProxy;
			containerPortal = 454D54FE19AA5CE6000E3EB3 /* Project object */;
			proxyType = 1;
			remoteGlobalIDString = 454D550619AA5CE6000E3EB3;
			remoteInfo = SwiftGraphics_OSX;
		};
		4582DB7819AA7A6700B7F5B4 /* PBXContainerItemProxy */ = {
			isa = PBXContainerItemProxy;
			containerPortal = 454D54FE19AA5CE6000E3EB3 /* Project object */;
			proxyType = 1;
			remoteGlobalIDString = 454D550619AA5CE6000E3EB3;
			remoteInfo = SwiftGraphics_OSX;
		};
		45B8AE9319BCE57900C61A3F /* PBXContainerItemProxy */ = {
			isa = PBXContainerItemProxy;
			containerPortal = 454D54FE19AA5CE6000E3EB3 /* Project object */;
			proxyType = 1;
			remoteGlobalIDString = 454D550619AA5CE6000E3EB3;
			remoteInfo = SwiftGraphics_OSX;
		};
		45B8AE9519BCE57900C61A3F /* PBXContainerItemProxy */ = {
			isa = PBXContainerItemProxy;
			containerPortal = 454D54FE19AA5CE6000E3EB3 /* Project object */;
			proxyType = 1;
			remoteGlobalIDString = 45DA4AC319AA62A800133F32;
			remoteInfo = SwiftGraphics_iOS;
		};
		45CFDCBD1A61CEE400053F96 /* PBXContainerItemProxy */ = {
			isa = PBXContainerItemProxy;
			containerPortal = 454D54FE19AA5CE6000E3EB3 /* Project object */;
			proxyType = 1;
			remoteGlobalIDString = 454D550619AA5CE6000E3EB3;
			remoteInfo = SwiftGraphics_OSX;
		};
/* End PBXContainerItemProxy section */

/* Begin PBXFileReference section */
		0205AE491A6678D3006444C8 /* CGPoint+Ruler.swift */ = {isa = PBXFileReference; fileEncoding = 4; lastKnownFileType = sourcecode.swift; path = "CGPoint+Ruler.swift"; sourceTree = "<group>"; };
		029651A91A6366FA0099DA1C /* CDisplayLink.h */ = {isa = PBXFileReference; fileEncoding = 4; lastKnownFileType = sourcecode.c.h; path = CDisplayLink.h; sourceTree = "<group>"; };
		029651AA1A6366FA0099DA1C /* CDisplayLink.m */ = {isa = PBXFileReference; fileEncoding = 4; lastKnownFileType = sourcecode.c.objc; path = CDisplayLink.m; sourceTree = "<group>"; };
		02A969E21A6744C3006DDF62 /* RulerPoint.playground */ = {isa = PBXFileReference; lastKnownFileType = file.playground; path = RulerPoint.playground; sourceTree = "<group>"; };
		02BF437D1A64FACB00132343 /* BezierCurve+BoundingBox.swift */ = {isa = PBXFileReference; fileEncoding = 4; lastKnownFileType = sourcecode.swift; path = "BezierCurve+BoundingBox.swift"; sourceTree = "<group>"; };
		2E0F5BD81A6986DA00221BB0 /* ColorTests.swift */ = {isa = PBXFileReference; fileEncoding = 4; lastKnownFileType = sourcecode.swift; path = ColorTests.swift; sourceTree = "<group>"; };
		2E0F5BDA1A69BBA600221BB0 /* QuadrantTests.swift */ = {isa = PBXFileReference; fileEncoding = 4; lastKnownFileType = sourcecode.swift; path = QuadrantTests.swift; sourceTree = "<group>"; };
		2E0F5BDC1A69C43A00221BB0 /* UtilitiesTests.swift */ = {isa = PBXFileReference; fileEncoding = 4; lastKnownFileType = sourcecode.swift; path = UtilitiesTests.swift; sourceTree = "<group>"; };
		2E0F5BDE1A6A8FCA00221BB0 /* GrahamScanUnitTests.swift */ = {isa = PBXFileReference; fileEncoding = 4; lastKnownFileType = sourcecode.swift; path = GrahamScanUnitTests.swift; sourceTree = "<group>"; };
		4501557F1A62F9F600D7FB7B /* SwiftGraphicsPlayground_OSX_UnitTests.xctest */ = {isa = PBXFileReference; explicitFileType = wrapper.cfbundle; includeInIndex = 0; path = SwiftGraphicsPlayground_OSX_UnitTests.xctest; sourceTree = BUILT_PRODUCTS_DIR; };
		450155821A62F9F600D7FB7B /* Info.plist */ = {isa = PBXFileReference; lastKnownFileType = text.plist.xml; path = Info.plist; sourceTree = "<group>"; };
		450155831A62F9F600D7FB7B /* SwiftGraphicsPlayground_UnitTests.swift */ = {isa = PBXFileReference; lastKnownFileType = sourcecode.swift; path = SwiftGraphicsPlayground_UnitTests.swift; sourceTree = "<group>"; };
		450717061A6B7EBA00E86EB4 /* Bitmap.swift */ = {isa = PBXFileReference; fileEncoding = 4; lastKnownFileType = sourcecode.swift; path = Bitmap.swift; sourceTree = "<group>"; };
		450717081A6B7F0700E86EB4 /* CGTypes+String.swift */ = {isa = PBXFileReference; fileEncoding = 4; lastKnownFileType = sourcecode.swift; path = "CGTypes+String.swift"; sourceTree = "<group>"; };
		4507170C1A6B803F00E86EB4 /* Geometry+Drawable.swift */ = {isa = PBXFileReference; fileEncoding = 4; lastKnownFileType = sourcecode.swift; path = "Geometry+Drawable.swift"; sourceTree = "<group>"; };
		4507170E1A6B85C500E86EB4 /* Triangle+Markup.swift */ = {isa = PBXFileReference; fileEncoding = 4; lastKnownFileType = sourcecode.swift; path = "Triangle+Markup.swift"; sourceTree = "<group>"; };
		4514F5FB1A61D4C400CC9C26 /* ArcView.swift */ = {isa = PBXFileReference; fileEncoding = 4; lastKnownFileType = sourcecode.swift; path = ArcView.swift; sourceTree = "<group>"; };
		4514F5FC1A61D4C400CC9C26 /* ArcViewController.swift */ = {isa = PBXFileReference; fileEncoding = 4; lastKnownFileType = sourcecode.swift; path = ArcViewController.swift; sourceTree = "<group>"; };
		4514F5FD1A61D4C400CC9C26 /* BridgingHeader.h */ = {isa = PBXFileReference; fileEncoding = 4; lastKnownFileType = sourcecode.c.h; path = BridgingHeader.h; sourceTree = "<group>"; };
		4514F5FE1A61D4C400CC9C26 /* DemoSVGViewController.swift */ = {isa = PBXFileReference; fileEncoding = 4; lastKnownFileType = sourcecode.swift; path = DemoSVGViewController.swift; sourceTree = "<group>"; };
		4514F5FF1A61D4C400CC9C26 /* DemoView.swift */ = {isa = PBXFileReference; fileEncoding = 4; lastKnownFileType = sourcecode.swift; path = DemoView.swift; sourceTree = "<group>"; };
		4514F6001A61D4C400CC9C26 /* EditorView.swift */ = {isa = PBXFileReference; fileEncoding = 4; lastKnownFileType = sourcecode.swift; path = EditorView.swift; sourceTree = "<group>"; };
		4514F6011A61D4C400CC9C26 /* main.swift */ = {isa = PBXFileReference; fileEncoding = 4; lastKnownFileType = sourcecode.swift; path = main.swift; sourceTree = "<group>"; };
		4514F6031A61D4C400CC9C26 /* QuadTreeView.swift */ = {isa = PBXFileReference; fileEncoding = 4; lastKnownFileType = sourcecode.swift; path = QuadTreeView.swift; sourceTree = "<group>"; };
		4514F6061A61D4C400CC9C26 /* SketchOmniGraffle.swift */ = {isa = PBXFileReference; fileEncoding = 4; lastKnownFileType = sourcecode.swift; path = SketchOmniGraffle.swift; sourceTree = "<group>"; };
		4514F6071A61D4C400CC9C26 /* SketchView.swift */ = {isa = PBXFileReference; fileEncoding = 4; lastKnownFileType = sourcecode.swift; path = SketchView.swift; sourceTree = "<group>"; };
		4514F6081A61D4C400CC9C26 /* SVGView.swift */ = {isa = PBXFileReference; fileEncoding = 4; lastKnownFileType = sourcecode.swift; path = SVGView.swift; sourceTree = "<group>"; };
		4514F6091A61D4C400CC9C26 /* SwiftOutline.svg */ = {isa = PBXFileReference; fileEncoding = 4; lastKnownFileType = text.xml; path = SwiftOutline.svg; sourceTree = "<group>"; };
		4514F60A1A61D4C400CC9C26 /* Test.graffle */ = {isa = PBXFileReference; lastKnownFileType = file; path = Test.graffle; sourceTree = "<group>"; };
		4514F60B1A61D4C400CC9C26 /* TestArc.swift */ = {isa = PBXFileReference; fileEncoding = 4; lastKnownFileType = sourcecode.swift; path = TestArc.swift; sourceTree = "<group>"; };
		4514F6201A61D56500CC9C26 /* libz.dylib */ = {isa = PBXFileReference; lastKnownFileType = "compiled.mach-o.dylib"; name = libz.dylib; path = usr/lib/libz.dylib; sourceTree = SDKROOT; };
		4515825B19C9F21000856C91 /* Turn.swift */ = {isa = PBXFileReference; fileEncoding = 4; lastKnownFileType = sourcecode.swift; path = Turn.swift; sourceTree = "<group>"; };
		4515825E19C9F6A600856C91 /* TurnTests.swift */ = {isa = PBXFileReference; fileEncoding = 4; lastKnownFileType = sourcecode.swift; path = TurnTests.swift; sourceTree = "<group>"; };
		4515826019C9F83300856C91 /* Private.swift */ = {isa = PBXFileReference; fileEncoding = 4; lastKnownFileType = sourcecode.swift; path = Private.swift; sourceTree = "<group>"; };
		4515826319CA0BA300856C91 /* MonotoneChain.playground */ = {isa = PBXFileReference; lastKnownFileType = file.playground; path = MonotoneChain.playground; sourceTree = "<group>"; };
		451CE9F31A61D73B006F721B /* ScratchPad.playground */ = {isa = PBXFileReference; lastKnownFileType = file.playground; path = ScratchPad.playground; sourceTree = "<group>"; };
		451CE9F41A61D73C006F721B /* SwiftGraphicsTest.playground */ = {isa = PBXFileReference; lastKnownFileType = file.playground; path = SwiftGraphicsTest.playground; sourceTree = "<group>"; };
		4537990419AA671E004DF99E /* LICENSE */ = {isa = PBXFileReference; lastKnownFileType = text; path = LICENSE; sourceTree = "<group>"; };
		4537990519AA671E004DF99E /* README.markdown */ = {isa = PBXFileReference; lastKnownFileType = net.daringfireball.markdown; path = README.markdown; sourceTree = "<group>"; };
		4537991919AA6C37004DF99E /* CGPointTests.swift */ = {isa = PBXFileReference; fileEncoding = 4; lastKnownFileType = sourcecode.swift; path = CGPointTests.swift; sourceTree = "<group>"; };
		4537991C19AA788B004DF99E /* CGSizeTests.swift */ = {isa = PBXFileReference; fileEncoding = 4; lastKnownFileType = sourcecode.swift; path = CGSizeTests.swift; sourceTree = "<group>"; };
		453997C31A61F89F00572E47 /* BouncingBalls.swift */ = {isa = PBXFileReference; fileEncoding = 4; lastKnownFileType = sourcecode.swift; path = BouncingBalls.swift; sourceTree = "<group>"; };
		453997C41A61F89F00572E47 /* Grid.swift */ = {isa = PBXFileReference; fileEncoding = 4; lastKnownFileType = sourcecode.swift; path = Grid.swift; sourceTree = "<group>"; };
		453997C51A61F89F00572E47 /* MarchingSquares.swift */ = {isa = PBXFileReference; fileEncoding = 4; lastKnownFileType = sourcecode.swift; path = MarchingSquares.swift; sourceTree = "<group>"; };
		453997C61A61F89F00572E47 /* MetaballsView.swift */ = {isa = PBXFileReference; fileEncoding = 4; lastKnownFileType = sourcecode.swift; path = MetaballsView.swift; sourceTree = "<group>"; };
		453997C71A61F89F00572E47 /* Polygon.swift */ = {isa = PBXFileReference; fileEncoding = 4; lastKnownFileType = sourcecode.swift; path = Polygon.swift; sourceTree = "<group>"; };
		453A8FBC1A69DFC000D7EAD0 /* Silly.swift */ = {isa = PBXFileReference; fileEncoding = 4; lastKnownFileType = sourcecode.swift; path = Silly.swift; sourceTree = "<group>"; };
		454B0D5619CA9E7F00044B7C /* Fuzzy.swift */ = {isa = PBXFileReference; fileEncoding = 4; lastKnownFileType = sourcecode.swift; path = Fuzzy.swift; sourceTree = "<group>"; };
		454D550719AA5CE6000E3EB3 /* SwiftGraphics.framework */ = {isa = PBXFileReference; explicitFileType = wrapper.framework; includeInIndex = 0; path = SwiftGraphics.framework; sourceTree = BUILT_PRODUCTS_DIR; };
		454D550B19AA5CE6000E3EB3 /* Info.plist */ = {isa = PBXFileReference; lastKnownFileType = text.plist.xml; path = Info.plist; sourceTree = "<group>"; };
		454D550C19AA5CE6000E3EB3 /* SwiftGraphics.h */ = {isa = PBXFileReference; lastKnownFileType = sourcecode.c.h; path = SwiftGraphics.h; sourceTree = "<group>"; };
		454D551219AA5CE6000E3EB3 /* SwiftGraphicsTests.xctest */ = {isa = PBXFileReference; explicitFileType = wrapper.cfbundle; includeInIndex = 0; path = SwiftGraphicsTests.xctest; sourceTree = BUILT_PRODUCTS_DIR; };
		454D551519AA5CE6000E3EB3 /* Info.plist */ = {isa = PBXFileReference; lastKnownFileType = text.plist.xml; path = Info.plist; sourceTree = "<group>"; };
		454FE65C19C7700E002E4DEF /* GrahamScan.playground */ = {isa = PBXFileReference; lastKnownFileType = file.playground; path = GrahamScan.playground; sourceTree = "<group>"; };
		454FE66219C77031002E4DEF /* SwiftGraphicsPlayground.framework */ = {isa = PBXFileReference; explicitFileType = wrapper.framework; includeInIndex = 0; path = SwiftGraphicsPlayground.framework; sourceTree = BUILT_PRODUCTS_DIR; };
		454FE66519C77031002E4DEF /* Info.plist */ = {isa = PBXFileReference; lastKnownFileType = text.plist.xml; path = Info.plist; sourceTree = "<group>"; };
		454FE66619C77031002E4DEF /* SwiftGraphicsPlayground.h */ = {isa = PBXFileReference; lastKnownFileType = sourcecode.c.h; path = SwiftGraphicsPlayground.h; sourceTree = "<group>"; };
		454FE67F19C77455002E4DEF /* SwiftGraphicsPlayground.swift */ = {isa = PBXFileReference; fileEncoding = 4; lastKnownFileType = sourcecode.swift; path = SwiftGraphicsPlayground.swift; sourceTree = "<group>"; };
		4556218E1A6A2DD800EB181E /* HandleEditorView.swift */ = {isa = PBXFileReference; fileEncoding = 4; lastKnownFileType = sourcecode.swift; path = HandleEditorView.swift; sourceTree = "<group>"; };
		4556218F1A6A2DD800EB181E /* Scratch.swift */ = {isa = PBXFileReference; fileEncoding = 4; lastKnownFileType = sourcecode.swift; path = Scratch.swift; sourceTree = "<group>"; };
		455621921A6A2EAC00EB181E /* Dragging.swift */ = {isa = PBXFileReference; fileEncoding = 4; lastKnownFileType = sourcecode.swift; path = Dragging.swift; sourceTree = "<group>"; };
		45563F2C19B1047E003B1639 /* CColorConverter.h */ = {isa = PBXFileReference; fileEncoding = 4; lastKnownFileType = sourcecode.c.h; path = CColorConverter.h; sourceTree = "<group>"; };
		45563F2D19B1047E003B1639 /* CColorConverter.m */ = {isa = PBXFileReference; fileEncoding = 4; lastKnownFileType = sourcecode.c.objc; path = CColorConverter.m; sourceTree = "<group>"; };
		45592F501A61B65200F496D2 /* TransformTest.playground */ = {isa = PBXFileReference; lastKnownFileType = file.playground; path = TransformTest.playground; sourceTree = "<group>"; };
		455D0A5D1A64A3EF00189879 /* Color.playground */ = {isa = PBXFileReference; lastKnownFileType = file.playground; path = Color.playground; sourceTree = "<group>"; };
		455D7F5B1A69CBB20088EA94 /* Ellipse+Markup.swift */ = {isa = PBXFileReference; fileEncoding = 4; lastKnownFileType = sourcecode.swift; path = "Ellipse+Markup.swift"; sourceTree = "<group>"; };
		45639D3E1A717EA800419686 /* RadiansEnum.playground */ = {isa = PBXFileReference; lastKnownFileType = file.playground; path = RadiansEnum.playground; sourceTree = "<group>"; };
		45639D3F1A717EA800419686 /* Radians.playground */ = {isa = PBXFileReference; lastKnownFileType = file.playground; path = Radians.playground; sourceTree = "<group>"; };
		456877E119B6857B004BEFD6 /* CoordinateSystems.swift */ = {isa = PBXFileReference; fileEncoding = 4; lastKnownFileType = sourcecode.swift; path = CoordinateSystems.swift; sourceTree = "<group>"; };
		456C315B19C65B0E003AA1DF /* Ellipse.swift */ = {isa = PBXFileReference; fileEncoding = 4; lastKnownFileType = sourcecode.swift; path = Ellipse.swift; sourceTree = "<group>"; };
		4570B83C1A1EC3770055847A /* AppKit.framework */ = {isa = PBXFileReference; lastKnownFileType = wrapper.framework; name = AppKit.framework; path = System/Library/Frameworks/AppKit.framework; sourceTree = SDKROOT; };
		4574C0241A64604900454DE5 /* CGContext_OSX.swift */ = {isa = PBXFileReference; fileEncoding = 4; lastKnownFileType = sourcecode.swift; path = CGContext_OSX.swift; sourceTree = "<group>"; };
		4574C0261A64613A00454DE5 /* CGContext+BitmapContexts.swift */ = {isa = PBXFileReference; fileEncoding = 4; lastKnownFileType = sourcecode.swift; path = "CGContext+BitmapContexts.swift"; sourceTree = "<group>"; };
		457DEBCE1A6493AF003E4363 /* Style.swift */ = {isa = PBXFileReference; fileEncoding = 4; lastKnownFileType = sourcecode.swift; path = Style.swift; sourceTree = "<group>"; };
		457DEBD21A6495BB003E4363 /* Drawable.swift */ = {isa = PBXFileReference; fileEncoding = 4; lastKnownFileType = sourcecode.swift; path = Drawable.swift; sourceTree = "<group>"; };
		457DEBD41A649689003E4363 /* Path.playground */ = {isa = PBXFileReference; lastKnownFileType = file.playground; path = Path.playground; sourceTree = "<group>"; };
		457E54501A68D35B0059B357 /* Turn.playground */ = {isa = PBXFileReference; lastKnownFileType = file.playground; path = Turn.playground; sourceTree = "<group>"; };
		458BDD8119BCF7D100CD0EAC /* QuadTree.swift */ = {isa = PBXFileReference; fileEncoding = 4; lastKnownFileType = sourcecode.swift; path = QuadTree.swift; sourceTree = "<group>"; };
		4594B08719AEDC2100101EB4 /* SwiftGraphicsHelper.h */ = {isa = PBXFileReference; fileEncoding = 4; lastKnownFileType = sourcecode.c.h; path = SwiftGraphicsHelper.h; sourceTree = "<group>"; };
		4594B08819AEDC2100101EB4 /* SwiftGraphicsHelper.m */ = {isa = PBXFileReference; fileEncoding = 4; lastKnownFileType = sourcecode.c.objc; path = SwiftGraphicsHelper.m; sourceTree = "<group>"; };
		4594B09119AEE31E00101EB4 /* Path.swift */ = {isa = PBXFileReference; fileEncoding = 4; lastKnownFileType = sourcecode.swift; path = Path.swift; sourceTree = "<group>"; };
		459A4C4B1A69913600E87608 /* Circle.swift */ = {isa = PBXFileReference; fileEncoding = 4; lastKnownFileType = sourcecode.swift; path = Circle.swift; sourceTree = "<group>"; };
		459EE5DC19AEC5130012E023 /* BezierCurve.swift */ = {isa = PBXFileReference; fileEncoding = 4; lastKnownFileType = sourcecode.swift; path = BezierCurve.swift; sourceTree = "<group>"; };
		459EE5DD19AEC5130012E023 /* CGAffineTransform.swift */ = {isa = PBXFileReference; fileEncoding = 4; lastKnownFileType = sourcecode.swift; path = CGAffineTransform.swift; sourceTree = "<group>"; };
		459EE5DE19AEC5130012E023 /* CGContext.swift */ = {isa = PBXFileReference; fileEncoding = 4; lastKnownFileType = sourcecode.swift; path = CGContext.swift; sourceTree = "<group>"; };
		459EE5DF19AEC5130012E023 /* CGPath.swift */ = {isa = PBXFileReference; fileEncoding = 4; lastKnownFileType = sourcecode.swift; path = CGPath.swift; sourceTree = "<group>"; };
		459EE5E019AEC5130012E023 /* CGPoint.swift */ = {isa = PBXFileReference; fileEncoding = 4; lastKnownFileType = sourcecode.swift; path = CGPoint.swift; sourceTree = "<group>"; };
		459EE5E119AEC5130012E023 /* CGRect.swift */ = {isa = PBXFileReference; fileEncoding = 4; lastKnownFileType = sourcecode.swift; path = CGRect.swift; sourceTree = "<group>"; };
		459EE5E219AEC5130012E023 /* CGSize.swift */ = {isa = PBXFileReference; fileEncoding = 4; lastKnownFileType = sourcecode.swift; path = CGSize.swift; sourceTree = "<group>"; };
		459EE5E319AEC5130012E023 /* Geometry.swift */ = {isa = PBXFileReference; fileEncoding = 4; lastKnownFileType = sourcecode.swift; path = Geometry.swift; sourceTree = "<group>"; };
		459EE5E419AEC5130012E023 /* Quadrant.swift */ = {isa = PBXFileReference; fileEncoding = 4; lastKnownFileType = sourcecode.swift; path = Quadrant.swift; sourceTree = "<group>"; };
		459EE5E519AEC5130012E023 /* Scaling.swift */ = {isa = PBXFileReference; fileEncoding = 4; lastKnownFileType = sourcecode.swift; path = Scaling.swift; sourceTree = "<group>"; };
		459EE5E619AEC5130012E023 /* Utilities.swift */ = {isa = PBXFileReference; fileEncoding = 4; lastKnownFileType = sourcecode.swift; path = Utilities.swift; sourceTree = "<group>"; };
		45A14E1B1A69D582006F4949 /* GenericGeometryTypes.swift */ = {isa = PBXFileReference; fileEncoding = 4; lastKnownFileType = sourcecode.swift; path = GenericGeometryTypes.swift; sourceTree = "<group>"; };
		45B32D451A637DF3004FD3FB /* Arc.swift */ = {isa = PBXFileReference; fileEncoding = 4; lastKnownFileType = sourcecode.swift; path = Arc.swift; sourceTree = "<group>"; };
		45B32D471A637DF3004FD3FB /* Sketch.swift */ = {isa = PBXFileReference; fileEncoding = 4; lastKnownFileType = sourcecode.swift; path = Sketch.swift; sourceTree = "<group>"; };
		45B32D4E1A637ECC004FD3FB /* RegularExpression.swift */ = {isa = PBXFileReference; fileEncoding = 4; lastKnownFileType = sourcecode.swift; path = RegularExpression.swift; sourceTree = "<group>"; };
		45B32D501A637EE7004FD3FB /* Utilities.swift */ = {isa = PBXFileReference; fileEncoding = 4; lastKnownFileType = sourcecode.swift; path = Utilities.swift; sourceTree = "<group>"; };
		45B32D521A637F10004FD3FB /* OmniGraffle.swift */ = {isa = PBXFileReference; fileEncoding = 4; lastKnownFileType = sourcecode.swift; path = OmniGraffle.swift; sourceTree = "<group>"; };
		45B8787B1A634F1F00CE168E /* Random.swift */ = {isa = PBXFileReference; fileEncoding = 4; lastKnownFileType = sourcecode.swift; path = Random.swift; sourceTree = "<group>"; };
		45BA25B719CA112E00B612B7 /* MonotoneChain.swift */ = {isa = PBXFileReference; fileEncoding = 4; lastKnownFileType = sourcecode.swift; path = MonotoneChain.swift; sourceTree = "<group>"; };
		45BA25BB19CA156800B612B7 /* Triangle.playground */ = {isa = PBXFileReference; lastKnownFileType = file.playground; path = Triangle.playground; sourceTree = "<group>"; };
		45BA25BC19CA1E8A00B612B7 /* ConvexHullTests.swift */ = {isa = PBXFileReference; fileEncoding = 4; lastKnownFileType = sourcecode.swift; path = ConvexHullTests.swift; sourceTree = "<group>"; };
		45BF1EBF1A61FED300DE8AE5 /* Random.playground */ = {isa = PBXFileReference; lastKnownFileType = file.playground; path = Random.playground; sourceTree = "<group>"; };
		45BF4CAC1A69929C00F260B0 /* Ellipse.playground */ = {isa = PBXFileReference; lastKnownFileType = file.playground; path = Ellipse.playground; sourceTree = "<group>"; };
		45C11B5A1A69751B0029A61C /* Triangle.swift */ = {isa = PBXFileReference; fileEncoding = 4; lastKnownFileType = sourcecode.swift; path = Triangle.swift; sourceTree = "<group>"; };
		45C11B5C1A6975400029A61C /* Geometry+Utilities.swift */ = {isa = PBXFileReference; fileEncoding = 4; lastKnownFileType = sourcecode.swift; path = "Geometry+Utilities.swift"; sourceTree = "<group>"; };
		45C6DC741A13E59C004C4693 /* TransformTests.swift */ = {isa = PBXFileReference; fileEncoding = 4; lastKnownFileType = sourcecode.swift; path = TransformTests.swift; sourceTree = "<group>"; };
		45CFDC651A61CA0700053F96 /* Utilities.swift */ = {isa = PBXFileReference; fileEncoding = 4; lastKnownFileType = sourcecode.swift; path = Utilities.swift; sourceTree = "<group>"; };
		45CFDC671A61CB3000053F96 /* GrahamScan.swift */ = {isa = PBXFileReference; fileEncoding = 4; lastKnownFileType = sourcecode.swift; path = GrahamScan.swift; sourceTree = "<group>"; };
		45CFDC6B1A61CB6800053F96 /* ConvexHull.swift */ = {isa = PBXFileReference; fileEncoding = 4; lastKnownFileType = sourcecode.swift; path = ConvexHull.swift; sourceTree = "<group>"; };
		45CFDC6F1A61CD4500053F96 /* CoreGraphics.framework */ = {isa = PBXFileReference; lastKnownFileType = wrapper.framework; name = CoreGraphics.framework; path = System/Library/Frameworks/CoreGraphics.framework; sourceTree = SDKROOT; };
		45CFDC9E1A61CE3500053F96 /* SwiftGraphics_OSX_UITest.app */ = {isa = PBXFileReference; explicitFileType = wrapper.application; includeInIndex = 0; path = SwiftGraphics_OSX_UITest.app; sourceTree = BUILT_PRODUCTS_DIR; };
		45CFDCA11A61CE3500053F96 /* Info.plist */ = {isa = PBXFileReference; lastKnownFileType = text.plist.xml; path = Info.plist; sourceTree = "<group>"; };
		45CFDCA21A61CE3500053F96 /* AppDelegate.swift */ = {isa = PBXFileReference; lastKnownFileType = sourcecode.swift; path = AppDelegate.swift; sourceTree = "<group>"; };
		45CFDCA41A61CE3500053F96 /* ViewController.swift */ = {isa = PBXFileReference; lastKnownFileType = sourcecode.swift; path = ViewController.swift; sourceTree = "<group>"; };
		45CFDCA61A61CE3500053F96 /* Images.xcassets */ = {isa = PBXFileReference; lastKnownFileType = folder.assetcatalog; path = Images.xcassets; sourceTree = "<group>"; };
		45CFDCA91A61CE3500053F96 /* Base */ = {isa = PBXFileReference; lastKnownFileType = file.storyboard; name = Base; path = Base.lproj/Main.storyboard; sourceTree = "<group>"; };
		45D7862B1A6A2743006A152E /* BezierPath+Markup.swift */ = {isa = PBXFileReference; fileEncoding = 4; lastKnownFileType = sourcecode.swift; path = "BezierPath+Markup.swift"; sourceTree = "<group>"; };
		45DA4AC419AA62A800133F32 /* SwiftGraphics.framework */ = {isa = PBXFileReference; explicitFileType = wrapper.framework; includeInIndex = 0; path = SwiftGraphics.framework; sourceTree = BUILT_PRODUCTS_DIR; };
		45DA4AC719AA62A800133F32 /* Info.plist */ = {isa = PBXFileReference; lastKnownFileType = text.plist.xml; path = Info.plist; sourceTree = "<group>"; };
		45DA4AC819AA62A800133F32 /* SwiftGraphics.h */ = {isa = PBXFileReference; lastKnownFileType = sourcecode.c.h; path = SwiftGraphics.h; sourceTree = "<group>"; };
		45E298701A69AE76006FE740 /* Markup.swift */ = {isa = PBXFileReference; fileEncoding = 4; lastKnownFileType = sourcecode.swift; path = Markup.swift; sourceTree = "<group>"; };
		45E298721A69B2DC006FE740 /* BezierCurveChain.swift */ = {isa = PBXFileReference; fileEncoding = 4; lastKnownFileType = sourcecode.swift; path = BezierCurveChain.swift; sourceTree = "<group>"; };
		45ECEC301A6561D60018F7C6 /* BezierPath.playground */ = {isa = PBXFileReference; lastKnownFileType = file.playground; path = BezierPath.playground; sourceTree = "<group>"; };
		45F32C711A6455BB00E3DA68 /* CGColor.swift */ = {isa = PBXFileReference; fileEncoding = 4; lastKnownFileType = sourcecode.swift; path = CGColor.swift; sourceTree = "<group>"; };
		45F32C741A64590E00E3DA68 /* Color.swift */ = {isa = PBXFileReference; fileEncoding = 4; lastKnownFileType = sourcecode.swift; path = Color.swift; sourceTree = "<group>"; };
		45FAC0661A16C4CA00A3F1D3 /* Animations.playground */ = {isa = PBXFileReference; lastKnownFileType = file.playground; path = Animations.playground; sourceTree = "<group>"; };
/* End PBXFileReference section */

/* Begin PBXFrameworksBuildPhase section */
		4501557C1A62F9F600D7FB7B /* Frameworks */ = {
			isa = PBXFrameworksBuildPhase;
			buildActionMask = 2147483647;
			files = (
				450155851A62F9F600D7FB7B /* SwiftGraphicsPlayground.framework in Frameworks */,
			);
			runOnlyForDeploymentPostprocessing = 0;
		};
		454D550319AA5CE6000E3EB3 /* Frameworks */ = {
			isa = PBXFrameworksBuildPhase;
			buildActionMask = 2147483647;
			files = (
			);
			runOnlyForDeploymentPostprocessing = 0;
		};
		454D550F19AA5CE6000E3EB3 /* Frameworks */ = {
			isa = PBXFrameworksBuildPhase;
			buildActionMask = 2147483647;
			files = (
			);
			runOnlyForDeploymentPostprocessing = 0;
		};
		454FE65E19C77031002E4DEF /* Frameworks */ = {
			isa = PBXFrameworksBuildPhase;
			buildActionMask = 2147483647;
			files = (
				45B32D4D1A637E74004FD3FB /* libz.dylib in Frameworks */,
				454FE68319C7799B002E4DEF /* SwiftGraphics.framework in Frameworks */,
			);
			runOnlyForDeploymentPostprocessing = 0;
		};
		45CFDC9B1A61CE3500053F96 /* Frameworks */ = {
			isa = PBXFrameworksBuildPhase;
			buildActionMask = 2147483647;
			files = (
				4514F6211A61D56500CC9C26 /* libz.dylib in Frameworks */,
			);
			runOnlyForDeploymentPostprocessing = 0;
		};
		45DA4AC019AA62A800133F32 /* Frameworks */ = {
			isa = PBXFrameworksBuildPhase;
			buildActionMask = 2147483647;
			files = (
			);
			runOnlyForDeploymentPostprocessing = 0;
		};
/* End PBXFrameworksBuildPhase section */

/* Begin PBXGroup section */
		450155801A62F9F600D7FB7B /* SwiftGraphicsPlayground_OSX_UnitTests */ = {
			isa = PBXGroup;
			children = (
				450155831A62F9F600D7FB7B /* SwiftGraphicsPlayground_UnitTests.swift */,
				450155811A62F9F600D7FB7B /* Supporting Files */,
			);
			path = SwiftGraphicsPlayground_OSX_UnitTests;
			sourceTree = "<group>";
		};
		450155811A62F9F600D7FB7B /* Supporting Files */ = {
			isa = PBXGroup;
			children = (
				450155821A62F9F600D7FB7B /* Info.plist */,
			);
			name = "Supporting Files";
			sourceTree = "<group>";
		};
		450717041A6B7CE800E86EB4 /* Duplicate Code *FIXME* */ = {
			isa = PBXGroup;
			children = (
				45B32D471A637DF3004FD3FB /* Sketch.swift */,
				457DEBD21A6495BB003E4363 /* Drawable.swift */,
				4507170C1A6B803F00E86EB4 /* Geometry+Drawable.swift */,
			);
			name = "Duplicate Code *FIXME*";
			sourceTree = "<group>";
		};
		450717051A6B7EA100E86EB4 /* Non Graphics */ = {
			isa = PBXGroup;
			children = (
				45CFDC651A61CA0700053F96 /* Utilities.swift */,
				45B8787B1A634F1F00CE168E /* Random.swift */,
				45B32D4E1A637ECC004FD3FB /* RegularExpression.swift */,
			);
			name = "Non Graphics";
			sourceTree = "<group>";
		};
		4514F5F71A61D2D800CC9C26 /* Frameworks */ = {
			isa = PBXGroup;
			children = (
				4514F6201A61D56500CC9C26 /* libz.dylib */,
				45CFDC6F1A61CD4500053F96 /* CoreGraphics.framework */,
				4570B83C1A1EC3770055847A /* AppKit.framework */,
			);
			name = Frameworks;
			sourceTree = "<group>";
		};
		453997BD1A61F2B700572E47 /* Misc */ = {
			isa = PBXGroup;
			children = (
				45B32D521A637F10004FD3FB /* OmniGraffle.swift */,
				4514F6061A61D4C400CC9C26 /* SketchOmniGraffle.swift */,
				4514F60B1A61D4C400CC9C26 /* TestArc.swift */,
			);
			name = Misc;
			sourceTree = "<group>";
		};
		453997BE1A61F2C500572E47 /* Application */ = {
			isa = PBXGroup;
			children = (
				4514F6011A61D4C400CC9C26 /* main.swift */,
				45CFDCA21A61CE3500053F96 /* AppDelegate.swift */,
				45CFDCA81A61CE3500053F96 /* Main.storyboard */,
				45CFDCA61A61CE3500053F96 /* Images.xcassets */,
				4514F5FD1A61D4C400CC9C26 /* BridgingHeader.h */,
				4514F6091A61D4C400CC9C26 /* SwiftOutline.svg */,
				4514F60A1A61D4C400CC9C26 /* Test.graffle */,
				45CFDCA11A61CE3500053F96 /* Info.plist */,
			);
			name = Application;
			sourceTree = "<group>";
		};
		453997BF1A61F2DB00572E47 /* View & ViewControllers */ = {
			isa = PBXGroup;
			children = (
				45CFDCA41A61CE3500053F96 /* ViewController.swift */,
				4514F5FC1A61D4C400CC9C26 /* ArcViewController.swift */,
				4514F5FB1A61D4C400CC9C26 /* ArcView.swift */,
				4514F5FF1A61D4C400CC9C26 /* DemoView.swift */,
				4514F6001A61D4C400CC9C26 /* EditorView.swift */,
				4514F6031A61D4C400CC9C26 /* QuadTreeView.swift */,
				4514F6071A61D4C400CC9C26 /* SketchView.swift */,
				4514F5FE1A61D4C400CC9C26 /* DemoSVGViewController.swift */,
				4514F6081A61D4C400CC9C26 /* SVGView.swift */,
				45B32D501A637EE7004FD3FB /* Utilities.swift */,
			);
			name = "View & ViewControllers";
			sourceTree = "<group>";
		};
		453997C21A61F89F00572E47 /* MarchingSquares */ = {
			isa = PBXGroup;
			children = (
				453997C31A61F89F00572E47 /* BouncingBalls.swift */,
				453997C41A61F89F00572E47 /* Grid.swift */,
				453997C51A61F89F00572E47 /* MarchingSquares.swift */,
				453997C61A61F89F00572E47 /* MetaballsView.swift */,
				453997C71A61F89F00572E47 /* Polygon.swift */,
			);
			path = MarchingSquares;
			sourceTree = "<group>";
		};
		454D54FD19AA5CE6000E3EB3 = {
			isa = PBXGroup;
			children = (
				4537990419AA671E004DF99E /* LICENSE */,
				4537990519AA671E004DF99E /* README.markdown */,
				454FE65B19C77001002E4DEF /* Playgrounds */,
				459EE5DB19AEC5130012E023 /* SwiftGraphics */,
				454D550919AA5CE6000E3EB3 /* SwiftGraphics_OSX */,
				45DA4AC519AA62A800133F32 /* SwiftGraphics_iOS */,
				454FE66319C77031002E4DEF /* SwiftGraphicsPlayground */,
				454D551319AA5CE6000E3EB3 /* SwiftGraphics_UnitTests */,
				450155801A62F9F600D7FB7B /* SwiftGraphicsPlayground_OSX_UnitTests */,
				45CFDC9F1A61CE3500053F96 /* SwiftGraphics_OSX_UITest */,
				4514F5F71A61D2D800CC9C26 /* Frameworks */,
				454D550819AA5CE6000E3EB3 /* Products */,
			);
			sourceTree = "<group>";
		};
		454D550819AA5CE6000E3EB3 /* Products */ = {
			isa = PBXGroup;
			children = (
				454D550719AA5CE6000E3EB3 /* SwiftGraphics.framework */,
				454D551219AA5CE6000E3EB3 /* SwiftGraphicsTests.xctest */,
				45DA4AC419AA62A800133F32 /* SwiftGraphics.framework */,
				454FE66219C77031002E4DEF /* SwiftGraphicsPlayground.framework */,
				45CFDC9E1A61CE3500053F96 /* SwiftGraphics_OSX_UITest.app */,
				4501557F1A62F9F600D7FB7B /* SwiftGraphicsPlayground_OSX_UnitTests.xctest */,
			);
			name = Products;
			sourceTree = "<group>";
		};
		454D550919AA5CE6000E3EB3 /* SwiftGraphics_OSX */ = {
			isa = PBXGroup;
			children = (
				029651A91A6366FA0099DA1C /* CDisplayLink.h */,
				029651AA1A6366FA0099DA1C /* CDisplayLink.m */,
				454D550C19AA5CE6000E3EB3 /* SwiftGraphics.h */,
				4574C0241A64604900454DE5 /* CGContext_OSX.swift */,
				454D550A19AA5CE6000E3EB3 /* Supporting Files */,
			);
			path = SwiftGraphics_OSX;
			sourceTree = "<group>";
		};
		454D550A19AA5CE6000E3EB3 /* Supporting Files */ = {
			isa = PBXGroup;
			children = (
				454D550B19AA5CE6000E3EB3 /* Info.plist */,
			);
			name = "Supporting Files";
			sourceTree = "<group>";
		};
		454D551319AA5CE6000E3EB3 /* SwiftGraphics_UnitTests */ = {
			isa = PBXGroup;
			children = (
				4537991919AA6C37004DF99E /* CGPointTests.swift */,
				4537991C19AA788B004DF99E /* CGSizeTests.swift */,
				4515825E19C9F6A600856C91 /* TurnTests.swift */,
				45C6DC741A13E59C004C4693 /* TransformTests.swift */,
				45BA25BC19CA1E8A00B612B7 /* ConvexHullTests.swift */,
				454D551419AA5CE6000E3EB3 /* Supporting Files */,
				2E0F5BD81A6986DA00221BB0 /* ColorTests.swift */,
				2E0F5BDA1A69BBA600221BB0 /* QuadrantTests.swift */,
				2E0F5BDC1A69C43A00221BB0 /* UtilitiesTests.swift */,
				2E0F5BDE1A6A8FCA00221BB0 /* GrahamScanUnitTests.swift */,
			);
			path = SwiftGraphics_UnitTests;
			sourceTree = "<group>";
		};
		454D551419AA5CE6000E3EB3 /* Supporting Files */ = {
			isa = PBXGroup;
			children = (
				454D551519AA5CE6000E3EB3 /* Info.plist */,
			);
			name = "Supporting Files";
			sourceTree = "<group>";
		};
		454FE65B19C77001002E4DEF /* Playgrounds */ = {
			isa = PBXGroup;
			children = (
				02A969E21A6744C3006DDF62 /* RulerPoint.playground */,
				454FE65C19C7700E002E4DEF /* GrahamScan.playground */,
				4515826319CA0BA300856C91 /* MonotoneChain.playground */,
				45BA25BB19CA156800B612B7 /* Triangle.playground */,
				45FAC0661A16C4CA00A3F1D3 /* Animations.playground */,
				45592F501A61B65200F496D2 /* TransformTest.playground */,
				451CE9F31A61D73B006F721B /* ScratchPad.playground */,
				451CE9F41A61D73C006F721B /* SwiftGraphicsTest.playground */,
				45BF1EBF1A61FED300DE8AE5 /* Random.playground */,
				457DEBD41A649689003E4363 /* Path.playground */,
				455D0A5D1A64A3EF00189879 /* Color.playground */,
				45ECEC301A6561D60018F7C6 /* BezierPath.playground */,
				457E54501A68D35B0059B357 /* Turn.playground */,
				45BF4CAC1A69929C00F260B0 /* Ellipse.playground */,
				45639D3E1A717EA800419686 /* RadiansEnum.playground */,
				45639D3F1A717EA800419686 /* Radians.playground */,
			);
			path = Playgrounds;
			sourceTree = "<group>";
		};
		454FE66319C77031002E4DEF /* SwiftGraphicsPlayground */ = {
			isa = PBXGroup;
			children = (
				454FE66619C77031002E4DEF /* SwiftGraphicsPlayground.h */,
				450717041A6B7CE800E86EB4 /* Duplicate Code *FIXME* */,
				454FE67F19C77455002E4DEF /* SwiftGraphicsPlayground.swift */,
				450717081A6B7F0700E86EB4 /* CGTypes+String.swift */,
				450717061A6B7EBA00E86EB4 /* Bitmap.swift */,
				450717051A6B7EA100E86EB4 /* Non Graphics */,
				45B32D451A637DF3004FD3FB /* Arc.swift */,
				457DEBCE1A6493AF003E4363 /* Style.swift */,
				45E298701A69AE76006FE740 /* Markup.swift */,
				45D7862B1A6A2743006A152E /* BezierPath+Markup.swift */,
				455D7F5B1A69CBB20088EA94 /* Ellipse+Markup.swift */,
				4507170E1A6B85C500E86EB4 /* Triangle+Markup.swift */,
				453A8FBC1A69DFC000D7EAD0 /* Silly.swift */,
				454FE66419C77031002E4DEF /* Supporting Files */,
			);
			path = SwiftGraphicsPlayground;
			sourceTree = "<group>";
		};
		454FE66419C77031002E4DEF /* Supporting Files */ = {
			isa = PBXGroup;
			children = (
				454FE66519C77031002E4DEF /* Info.plist */,
			);
			name = "Supporting Files";
			sourceTree = "<group>";
		};
		4556218D1A6A2DD800EB181E /* HandleEditor */ = {
			isa = PBXGroup;
			children = (
				455621921A6A2EAC00EB181E /* Dragging.swift */,
				4556218E1A6A2DD800EB181E /* HandleEditorView.swift */,
				4556218F1A6A2DD800EB181E /* Scratch.swift */,
			);
			path = HandleEditor;
			sourceTree = "<group>";
		};
		459EE5DB19AEC5130012E023 /* SwiftGraphics */ = {
			isa = PBXGroup;
			children = (
				45DC21761A6979DD00A25EC9 /* Geometry */,
				45DC21771A697A2600A25EC9 /* Quartz */,
				45DC21781A697A4100A25EC9 /* Color */,
				454B0D5619CA9E7F00044B7C /* Fuzzy.swift */,
				459EE5E419AEC5130012E023 /* Quadrant.swift */,
				458BDD8119BCF7D100CD0EAC /* QuadTree.swift */,
				459EE5E519AEC5130012E023 /* Scaling.swift */,
				459EE5E619AEC5130012E023 /* Utilities.swift */,
				45A14E1B1A69D582006F4949 /* GenericGeometryTypes.swift */,
				4515826019C9F83300856C91 /* Private.swift */,
				4594B09119AEE31E00101EB4 /* Path.swift */,
				456877E119B6857B004BEFD6 /* CoordinateSystems.swift */,
				4594B08719AEDC2100101EB4 /* SwiftGraphicsHelper.h */,
				4594B08819AEDC2100101EB4 /* SwiftGraphicsHelper.m */,
			);
			path = SwiftGraphics;
			sourceTree = "<group>";
		};
		45CFDC9F1A61CE3500053F96 /* SwiftGraphics_OSX_UITest */ = {
			isa = PBXGroup;
			children = (
				4556218D1A6A2DD800EB181E /* HandleEditor */,
				453997C21A61F89F00572E47 /* MarchingSquares */,
				453997BE1A61F2C500572E47 /* Application */,
				453997BF1A61F2DB00572E47 /* View & ViewControllers */,
				453997BD1A61F2B700572E47 /* Misc */,
			);
			path = SwiftGraphics_OSX_UITest;
			sourceTree = "<group>";
		};
		45DA4AC519AA62A800133F32 /* SwiftGraphics_iOS */ = {
			isa = PBXGroup;
			children = (
				45DA4AC819AA62A800133F32 /* SwiftGraphics.h */,
				45DA4AC619AA62A800133F32 /* Supporting Files */,
			);
			path = SwiftGraphics_iOS;
			sourceTree = "<group>";
		};
		45DA4AC619AA62A800133F32 /* Supporting Files */ = {
			isa = PBXGroup;
			children = (
				45DA4AC719AA62A800133F32 /* Info.plist */,
			);
			name = "Supporting Files";
			sourceTree = "<group>";
		};
		45DC21761A6979DD00A25EC9 /* Geometry */ = {
			isa = PBXGroup;
			children = (
				456C315B19C65B0E003AA1DF /* Ellipse.swift */,
				459EE5DC19AEC5130012E023 /* BezierCurve.swift */,
				02BF437D1A64FACB00132343 /* BezierCurve+BoundingBox.swift */,
				459EE5E319AEC5130012E023 /* Geometry.swift */,
				45C11B5C1A6975400029A61C /* Geometry+Utilities.swift */,
				45C11B5A1A69751B0029A61C /* Triangle.swift */,
				4515825B19C9F21000856C91 /* Turn.swift */,
				45CFDC6B1A61CB6800053F96 /* ConvexHull.swift */,
				45BA25B719CA112E00B612B7 /* MonotoneChain.swift */,
				45CFDC671A61CB3000053F96 /* GrahamScan.swift */,
				459A4C4B1A69913600E87608 /* Circle.swift */,
				45E298721A69B2DC006FE740 /* BezierCurveChain.swift */,
			);
			name = Geometry;
			sourceTree = "<group>";
		};
		45DC21771A697A2600A25EC9 /* Quartz */ = {
			isa = PBXGroup;
			children = (
				459EE5DD19AEC5130012E023 /* CGAffineTransform.swift */,
				45F32C711A6455BB00E3DA68 /* CGColor.swift */,
				459EE5DE19AEC5130012E023 /* CGContext.swift */,
				4574C0261A64613A00454DE5 /* CGContext+BitmapContexts.swift */,
				459EE5DF19AEC5130012E023 /* CGPath.swift */,
				459EE5E019AEC5130012E023 /* CGPoint.swift */,
				0205AE491A6678D3006444C8 /* CGPoint+Ruler.swift */,
				459EE5E119AEC5130012E023 /* CGRect.swift */,
				459EE5E219AEC5130012E023 /* CGSize.swift */,
			);
			name = Quartz;
			sourceTree = "<group>";
		};
		45DC21781A697A4100A25EC9 /* Color */ = {
			isa = PBXGroup;
			children = (
				45F32C741A64590E00E3DA68 /* Color.swift */,
				45563F2C19B1047E003B1639 /* CColorConverter.h */,
				45563F2D19B1047E003B1639 /* CColorConverter.m */,
			);
			name = Color;
			sourceTree = "<group>";
		};
/* End PBXGroup section */

/* Begin PBXHeadersBuildPhase section */
		454D550419AA5CE6000E3EB3 /* Headers */ = {
			isa = PBXHeadersBuildPhase;
			buildActionMask = 2147483647;
			files = (
				029651AB1A6366FA0099DA1C /* CDisplayLink.h in Headers */,
				454D550D19AA5CE6000E3EB3 /* SwiftGraphics.h in Headers */,
				4594B08919AEDC2100101EB4 /* SwiftGraphicsHelper.h in Headers */,
				45563F2E19B1047E003B1639 /* CColorConverter.h in Headers */,
			);
			runOnlyForDeploymentPostprocessing = 0;
		};
		454FE65F19C77031002E4DEF /* Headers */ = {
			isa = PBXHeadersBuildPhase;
			buildActionMask = 2147483647;
			files = (
				454FE66719C77031002E4DEF /* SwiftGraphicsPlayground.h in Headers */,
			);
			runOnlyForDeploymentPostprocessing = 0;
		};
		45DA4AC119AA62A800133F32 /* Headers */ = {
			isa = PBXHeadersBuildPhase;
			buildActionMask = 2147483647;
			files = (
				45DA4AC919AA62A800133F32 /* SwiftGraphics.h in Headers */,
				4594B08A19AEDC2100101EB4 /* SwiftGraphicsHelper.h in Headers */,
			);
			runOnlyForDeploymentPostprocessing = 0;
		};
/* End PBXHeadersBuildPhase section */

/* Begin PBXNativeTarget section */
		4501557E1A62F9F600D7FB7B /* SwiftGraphicsPlayground_OSX_UnitTests */ = {
			isa = PBXNativeTarget;
			buildConfigurationList = 4501558A1A62F9F600D7FB7B /* Build configuration list for PBXNativeTarget "SwiftGraphicsPlayground_OSX_UnitTests" */;
			buildPhases = (
				4501557B1A62F9F600D7FB7B /* Sources */,
				4501557C1A62F9F600D7FB7B /* Frameworks */,
				4501557D1A62F9F600D7FB7B /* Resources */,
			);
			buildRules = (
			);
			dependencies = (
				450155871A62F9F600D7FB7B /* PBXTargetDependency */,
			);
			name = SwiftGraphicsPlayground_OSX_UnitTests;
			productName = SwiftGraphicsPlayground_OSX_UnitTests;
			productReference = 4501557F1A62F9F600D7FB7B /* SwiftGraphicsPlayground_OSX_UnitTests.xctest */;
			productType = "com.apple.product-type.bundle.unit-test";
		};
		454D550619AA5CE6000E3EB3 /* SwiftGraphics_OSX */ = {
			isa = PBXNativeTarget;
			buildConfigurationList = 454D551A19AA5CE6000E3EB3 /* Build configuration list for PBXNativeTarget "SwiftGraphics_OSX" */;
			buildPhases = (
				454D550219AA5CE6000E3EB3 /* Sources */,
				454D550319AA5CE6000E3EB3 /* Frameworks */,
				454D550419AA5CE6000E3EB3 /* Headers */,
				454D550519AA5CE6000E3EB3 /* Resources */,
			);
			buildRules = (
			);
			dependencies = (
			);
			name = SwiftGraphics_OSX;
			productName = SwiftGraphics;
			productReference = 454D550719AA5CE6000E3EB3 /* SwiftGraphics.framework */;
			productType = "com.apple.product-type.framework";
		};
		454D551119AA5CE6000E3EB3 /* SwiftGraphicsTests */ = {
			isa = PBXNativeTarget;
			buildConfigurationList = 454D551D19AA5CE6000E3EB3 /* Build configuration list for PBXNativeTarget "SwiftGraphicsTests" */;
			buildPhases = (
				454D550E19AA5CE6000E3EB3 /* Sources */,
				454D550F19AA5CE6000E3EB3 /* Frameworks */,
				454D551019AA5CE6000E3EB3 /* Resources */,
			);
			buildRules = (
			);
			dependencies = (
				4582DB7919AA7A6700B7F5B4 /* PBXTargetDependency */,
			);
			name = SwiftGraphicsTests;
			productName = SwiftGraphicsTests;
			productReference = 454D551219AA5CE6000E3EB3 /* SwiftGraphicsTests.xctest */;
			productType = "com.apple.product-type.bundle.unit-test";
		};
		454FE66119C77031002E4DEF /* SwiftGraphicsPlayground */ = {
			isa = PBXNativeTarget;
			buildConfigurationList = 454FE67519C77031002E4DEF /* Build configuration list for PBXNativeTarget "SwiftGraphicsPlayground" */;
			buildPhases = (
				454FE65D19C77031002E4DEF /* Sources */,
				454FE65E19C77031002E4DEF /* Frameworks */,
				454FE65F19C77031002E4DEF /* Headers */,
				454FE66019C77031002E4DEF /* Resources */,
			);
			buildRules = (
			);
			dependencies = (
				454FE68219C77993002E4DEF /* PBXTargetDependency */,
			);
			name = SwiftGraphicsPlayground;
			productName = SwiftGraphicsPlayground;
			productReference = 454FE66219C77031002E4DEF /* SwiftGraphicsPlayground.framework */;
			productType = "com.apple.product-type.framework";
		};
		45CFDC9D1A61CE3500053F96 /* SwiftGraphics_OSX_UITest */ = {
			isa = PBXNativeTarget;
			buildConfigurationList = 45CFDCB71A61CE3500053F96 /* Build configuration list for PBXNativeTarget "SwiftGraphics_OSX_UITest" */;
			buildPhases = (
				45CFDC9A1A61CE3500053F96 /* Sources */,
				45CFDC9B1A61CE3500053F96 /* Frameworks */,
				45CFDC9C1A61CE3500053F96 /* Resources */,
			);
			buildRules = (
			);
			dependencies = (
				453997BC1A61F20A00572E47 /* PBXTargetDependency */,
				45CFDCBE1A61CEE400053F96 /* PBXTargetDependency */,
			);
			name = SwiftGraphics_OSX_UITest;
			productName = SwiftGraphics_OSX_UITest;
			productReference = 45CFDC9E1A61CE3500053F96 /* SwiftGraphics_OSX_UITest.app */;
			productType = "com.apple.product-type.application";
		};
		45DA4AC319AA62A800133F32 /* SwiftGraphics_iOS */ = {
			isa = PBXNativeTarget;
			buildConfigurationList = 45DA4AD819AA62A800133F32 /* Build configuration list for PBXNativeTarget "SwiftGraphics_iOS" */;
			buildPhases = (
				45DA4ABF19AA62A800133F32 /* Sources */,
				45DA4AC019AA62A800133F32 /* Frameworks */,
				45DA4AC119AA62A800133F32 /* Headers */,
				45DA4AC219AA62A800133F32 /* Resources */,
			);
			buildRules = (
			);
			dependencies = (
			);
			name = SwiftGraphics_iOS;
			productName = SwiftGraphics_iOS;
			productReference = 45DA4AC419AA62A800133F32 /* SwiftGraphics.framework */;
			productType = "com.apple.product-type.framework";
		};
/* End PBXNativeTarget section */

/* Begin PBXProject section */
		454D54FE19AA5CE6000E3EB3 /* Project object */ = {
			isa = PBXProject;
			attributes = {
				LastUpgradeCheck = 0600;
				ORGANIZATIONNAME = schwa.io;
				TargetAttributes = {
					4501557E1A62F9F600D7FB7B = {
						CreatedOnToolsVersion = 6.2;
					};
					454D550619AA5CE6000E3EB3 = {
						CreatedOnToolsVersion = 6.0;
					};
					454D551119AA5CE6000E3EB3 = {
						CreatedOnToolsVersion = 6.0;
					};
					454FE66119C77031002E4DEF = {
						CreatedOnToolsVersion = 6.1;
					};
					45B8AE8F19BCE56E00C61A3F = {
						CreatedOnToolsVersion = 6.0;
					};
					45CFDC9D1A61CE3500053F96 = {
						CreatedOnToolsVersion = 6.2;
					};
					45DA4AC319AA62A800133F32 = {
						CreatedOnToolsVersion = 6.0;
					};
				};
			};
			buildConfigurationList = 454D550119AA5CE6000E3EB3 /* Build configuration list for PBXProject "SwiftGraphics" */;
			compatibilityVersion = "Xcode 3.2";
			developmentRegion = English;
			hasScannedForEncodings = 0;
			knownRegions = (
				en,
				Base,
			);
			mainGroup = 454D54FD19AA5CE6000E3EB3;
			productRefGroup = 454D550819AA5CE6000E3EB3 /* Products */;
			projectDirPath = "";
			projectRoot = "";
			targets = (
				45B8AE8F19BCE56E00C61A3F /* All */,
				454D550619AA5CE6000E3EB3 /* SwiftGraphics_OSX */,
				45DA4AC319AA62A800133F32 /* SwiftGraphics_iOS */,
				454D551119AA5CE6000E3EB3 /* SwiftGraphicsTests */,
				454FE66119C77031002E4DEF /* SwiftGraphicsPlayground */,
				45CFDC9D1A61CE3500053F96 /* SwiftGraphics_OSX_UITest */,
				4501557E1A62F9F600D7FB7B /* SwiftGraphicsPlayground_OSX_UnitTests */,
			);
		};
/* End PBXProject section */

/* Begin PBXResourcesBuildPhase section */
		4501557D1A62F9F600D7FB7B /* Resources */ = {
			isa = PBXResourcesBuildPhase;
			buildActionMask = 2147483647;
			files = (
			);
			runOnlyForDeploymentPostprocessing = 0;
		};
		454D550519AA5CE6000E3EB3 /* Resources */ = {
			isa = PBXResourcesBuildPhase;
			buildActionMask = 2147483647;
			files = (
			);
			runOnlyForDeploymentPostprocessing = 0;
		};
		454D551019AA5CE6000E3EB3 /* Resources */ = {
			isa = PBXResourcesBuildPhase;
			buildActionMask = 2147483647;
			files = (
			);
			runOnlyForDeploymentPostprocessing = 0;
		};
		454FE66019C77031002E4DEF /* Resources */ = {
			isa = PBXResourcesBuildPhase;
			buildActionMask = 2147483647;
			files = (
			);
			runOnlyForDeploymentPostprocessing = 0;
		};
		45CFDC9C1A61CE3500053F96 /* Resources */ = {
			isa = PBXResourcesBuildPhase;
			buildActionMask = 2147483647;
			files = (
				4514F61B1A61D4C400CC9C26 /* SwiftOutline.svg in Resources */,
				4514F61C1A61D4C400CC9C26 /* Test.graffle in Resources */,
				45CFDCA71A61CE3500053F96 /* Images.xcassets in Resources */,
				45CFDCAA1A61CE3500053F96 /* Main.storyboard in Resources */,
			);
			runOnlyForDeploymentPostprocessing = 0;
		};
		45DA4AC219AA62A800133F32 /* Resources */ = {
			isa = PBXResourcesBuildPhase;
			buildActionMask = 2147483647;
			files = (
			);
			runOnlyForDeploymentPostprocessing = 0;
		};
/* End PBXResourcesBuildPhase section */

/* Begin PBXSourcesBuildPhase section */
		4501557B1A62F9F600D7FB7B /* Sources */ = {
			isa = PBXSourcesBuildPhase;
			buildActionMask = 2147483647;
			files = (
				450155841A62F9F600D7FB7B /* SwiftGraphicsPlayground_UnitTests.swift in Sources */,
			);
			runOnlyForDeploymentPostprocessing = 0;
		};
		454D550219AA5CE6000E3EB3 /* Sources */ = {
			isa = PBXSourcesBuildPhase;
			buildActionMask = 2147483647;
			files = (
				45A14E1C1A69D582006F4949 /* GenericGeometryTypes.swift in Sources */,
				029651AC1A6366FA0099DA1C /* CDisplayLink.m in Sources */,
				02BF437E1A64FACB00132343 /* BezierCurve+BoundingBox.swift in Sources */,
				456C315C19C65B0E003AA1DF /* Ellipse.swift in Sources */,
				4574C0251A64604900454DE5 /* CGContext_OSX.swift in Sources */,
				45E298741A69B2F5006FE740 /* BezierCurveChain.swift in Sources */,
				45CFDC6C1A61CB6800053F96 /* ConvexHull.swift in Sources */,
				458BDD8219BCF7D100CD0EAC /* QuadTree.swift in Sources */,
				45C11B5D1A6975400029A61C /* Geometry+Utilities.swift in Sources */,
				459EE5EB19AEC5130012E023 /* CGContext.swift in Sources */,
				4515826119C9F83300856C91 /* Private.swift in Sources */,
				4594B08B19AEDC2100101EB4 /* SwiftGraphicsHelper.m in Sources */,
				459EE5F119AEC5130012E023 /* CGRect.swift in Sources */,
				459EE5FB19AEC5130012E023 /* Utilities.swift in Sources */,
				45CFDC691A61CB4500053F96 /* GrahamScan.swift in Sources */,
				459EE5E719AEC5130012E023 /* BezierCurve.swift in Sources */,
				45563F2F19B1047E003B1639 /* CColorConverter.m in Sources */,
				459EE5F919AEC5130012E023 /* Scaling.swift in Sources */,
				459EE5F719AEC5130012E023 /* Quadrant.swift in Sources */,
				459A4C4C1A69913600E87608 /* Circle.swift in Sources */,
				459EE5F319AEC5130012E023 /* CGSize.swift in Sources */,
				4574C0271A64613A00454DE5 /* CGContext+BitmapContexts.swift in Sources */,
				45BA25B819CA112E00B612B7 /* MonotoneChain.swift in Sources */,
				4515825C19C9F21000856C91 /* Turn.swift in Sources */,
				45F32C751A64590E00E3DA68 /* Color.swift in Sources */,
				459EE5ED19AEC5130012E023 /* CGPath.swift in Sources */,
				456877E219B6857B004BEFD6 /* CoordinateSystems.swift in Sources */,
				45F32C721A6455BB00E3DA68 /* CGColor.swift in Sources */,
				459EE5F519AEC5130012E023 /* Geometry.swift in Sources */,
				0205AE4A1A6678D3006444C8 /* CGPoint+Ruler.swift in Sources */,
				459EE5EF19AEC5130012E023 /* CGPoint.swift in Sources */,
				4594B09219AEE31E00101EB4 /* Path.swift in Sources */,
				45C11B5B1A69751B0029A61C /* Triangle.swift in Sources */,
				454B0D5719CA9E7F00044B7C /* Fuzzy.swift in Sources */,
				459EE5E919AEC5130012E023 /* CGAffineTransform.swift in Sources */,
			);
			runOnlyForDeploymentPostprocessing = 0;
		};
		454D550E19AA5CE6000E3EB3 /* Sources */ = {
			isa = PBXSourcesBuildPhase;
			buildActionMask = 2147483647;
			files = (
				2E0F5BDB1A69BBA600221BB0 /* QuadrantTests.swift in Sources */,
				4515825F19C9F6A600856C91 /* TurnTests.swift in Sources */,
				2E0F5BDF1A6A8FCA00221BB0 /* GrahamScanUnitTests.swift in Sources */,
				2E0F5BD91A6986DA00221BB0 /* ColorTests.swift in Sources */,
				4537991D19AA788B004DF99E /* CGSizeTests.swift in Sources */,
				2E0F5BDD1A69C43A00221BB0 /* UtilitiesTests.swift in Sources */,
				4537991A19AA6C37004DF99E /* CGPointTests.swift in Sources */,
				45C6DC751A13E59C004C4693 /* TransformTests.swift in Sources */,
				45BA25BD19CA1E8A00B612B7 /* ConvexHullTests.swift in Sources */,
			);
			runOnlyForDeploymentPostprocessing = 0;
		};
		454FE65D19C77031002E4DEF /* Sources */ = {
			isa = PBXSourcesBuildPhase;
			buildActionMask = 2147483647;
			files = (
				45CFDC661A61CA0700053F96 /* Utilities.swift in Sources */,
				4507170F1A6B85C500E86EB4 /* Triangle+Markup.swift in Sources */,
				45B32D4F1A637ECD004FD3FB /* RegularExpression.swift in Sources */,
				45B32D4A1A637DF3004FD3FB /* Sketch.swift in Sources */,
				455D7F5C1A69CBB20088EA94 /* Ellipse+Markup.swift in Sources */,
				45B8787C1A634F1F00CE168E /* Random.swift in Sources */,
				45D7862C1A6A2743006A152E /* BezierPath+Markup.swift in Sources */,
				45B32D481A637DF3004FD3FB /* Arc.swift in Sources */,
				45E298711A69AE76006FE740 /* Markup.swift in Sources */,
				453A8FBD1A69DFC000D7EAD0 /* Silly.swift in Sources */,
				450717091A6B7F0700E86EB4 /* CGTypes+String.swift in Sources */,
				4507170D1A6B803F00E86EB4 /* Geometry+Drawable.swift in Sources */,
				457DEBCF1A6493AF003E4363 /* Style.swift in Sources */,
				454FE68019C77455002E4DEF /* SwiftGraphicsPlayground.swift in Sources */,
				450717071A6B7EBA00E86EB4 /* Bitmap.swift in Sources */,
				457DEBD31A6495BB003E4363 /* Drawable.swift in Sources */,
			);
			runOnlyForDeploymentPostprocessing = 0;
		};
		45CFDC9A1A61CE3500053F96 /* Sources */ = {
			isa = PBXSourcesBuildPhase;
			buildActionMask = 2147483647;
			files = (
				455621931A6A2EAC00EB181E /* Dragging.swift in Sources */,
				45CFDCA51A61CE3500053F96 /* ViewController.swift in Sources */,
				453997C91A61F89F00572E47 /* BouncingBalls.swift in Sources */,
				4514F60E1A61D4C400CC9C26 /* ArcView.swift in Sources */,
				453997CA1A61F89F00572E47 /* Grid.swift in Sources */,
				455621911A6A2DD800EB181E /* Scratch.swift in Sources */,
				4514F6151A61D4C400CC9C26 /* QuadTreeView.swift in Sources */,
				4514F61D1A61D4C400CC9C26 /* TestArc.swift in Sources */,
				45B32D531A637F10004FD3FB /* OmniGraffle.swift in Sources */,
				4514F61A1A61D4C400CC9C26 /* SVGView.swift in Sources */,
				453997CD1A61F89F00572E47 /* Polygon.swift in Sources */,
				4514F6131A61D4C400CC9C26 /* main.swift in Sources */,
				45CFDCA31A61CE3500053F96 /* AppDelegate.swift in Sources */,
				4514F60F1A61D4C400CC9C26 /* ArcViewController.swift in Sources */,
				4514F6101A61D4C400CC9C26 /* DemoSVGViewController.swift in Sources */,
				453997CB1A61F89F00572E47 /* MarchingSquares.swift in Sources */,
				4514F6191A61D4C400CC9C26 /* SketchView.swift in Sources */,
				4514F6181A61D4C400CC9C26 /* SketchOmniGraffle.swift in Sources */,
				4514F6121A61D4C400CC9C26 /* EditorView.swift in Sources */,
				453997CC1A61F89F00572E47 /* MetaballsView.swift in Sources */,
				45B32D511A637EE7004FD3FB /* Utilities.swift in Sources */,
				4514F6111A61D4C400CC9C26 /* DemoView.swift in Sources */,
				455621901A6A2DD800EB181E /* HandleEditorView.swift in Sources */,
			);
			runOnlyForDeploymentPostprocessing = 0;
		};
		45DA4ABF19AA62A800133F32 /* Sources */ = {
			isa = PBXSourcesBuildPhase;
			buildActionMask = 2147483647;
			files = (
				026F21061A5FB26600A52D0E /* MonotoneChain.swift in Sources */,
				026F21051A5FB25800A52D0E /* CoordinateSystems.swift in Sources */,
				026F21041A5FB23E00A52D0E /* Fuzzy.swift in Sources */,
				45CFDC6D1A61CB6800053F96 /* ConvexHull.swift in Sources */,
				459EE5EC19AEC5130012E023 /* CGContext.swift in Sources */,
				4594B08C19AEDC2100101EB4 /* SwiftGraphicsHelper.m in Sources */,
				4574C0281A64613A00454DE5 /* CGContext+BitmapContexts.swift in Sources */,
				459EE5F219AEC5130012E023 /* CGRect.swift in Sources */,
				45A14E1D1A69D582006F4949 /* GenericGeometryTypes.swift in Sources */,
				459A4C4E1A69914000E87608 /* Geometry+Utilities.swift in Sources */,
				45F32C731A6455BB00E3DA68 /* CGColor.swift in Sources */,
				459EE5FC19AEC5130012E023 /* Utilities.swift in Sources */,
				4515825D19C9F21800856C91 /* Turn.swift in Sources */,
				458BDD8319BCF7D100CD0EAC /* QuadTree.swift in Sources */,
				459EE5E819AEC5130012E023 /* BezierCurve.swift in Sources */,
				459A4C4F1A69914000E87608 /* Triangle.swift in Sources */,
				4515826219C9F83300856C91 /* Private.swift in Sources */,
				459EE5FA19AEC5130012E023 /* Scaling.swift in Sources */,
				459EE5F819AEC5130012E023 /* Quadrant.swift in Sources */,
				02BF437F1A64FACB00132343 /* BezierCurve+BoundingBox.swift in Sources */,
				459A4C4D1A69913600E87608 /* Circle.swift in Sources */,
				459EE5F419AEC5130012E023 /* CGSize.swift in Sources */,
				459EE5EE19AEC5130012E023 /* CGPath.swift in Sources */,
				45F32C761A64590E00E3DA68 /* Color.swift in Sources */,
				459EE5F619AEC5130012E023 /* Geometry.swift in Sources */,
				459EE5F019AEC5130012E023 /* CGPoint.swift in Sources */,
				45CFDC6A1A61CB4500053F96 /* GrahamScan.swift in Sources */,
				45E298751A69B2F6006FE740 /* BezierCurveChain.swift in Sources */,
				0205AE4B1A6678D3006444C8 /* CGPoint+Ruler.swift in Sources */,
				45B8AE8E19BCE4ED00C61A3F /* CColorConverter.m in Sources */,
				4594B09319AEE31E00101EB4 /* Path.swift in Sources */,
				459EE5EA19AEC5130012E023 /* CGAffineTransform.swift in Sources */,
				456C315D19C65B0E003AA1DF /* Ellipse.swift in Sources */,
			);
			runOnlyForDeploymentPostprocessing = 0;
		};
/* End PBXSourcesBuildPhase section */

/* Begin PBXTargetDependency section */
		450155871A62F9F600D7FB7B /* PBXTargetDependency */ = {
			isa = PBXTargetDependency;
			target = 454FE66119C77031002E4DEF /* SwiftGraphicsPlayground */;
			targetProxy = 450155861A62F9F600D7FB7B /* PBXContainerItemProxy */;
		};
		4514F5F91A61D2EE00CC9C26 /* PBXTargetDependency */ = {
			isa = PBXTargetDependency;
			target = 45CFDC9D1A61CE3500053F96 /* SwiftGraphics_OSX_UITest */;
			targetProxy = 4514F5F81A61D2EE00CC9C26 /* PBXContainerItemProxy */;
		};
		453997BC1A61F20A00572E47 /* PBXTargetDependency */ = {
			isa = PBXTargetDependency;
			target = 454FE66119C77031002E4DEF /* SwiftGraphicsPlayground */;
			targetProxy = 453997BB1A61F20A00572E47 /* PBXContainerItemProxy */;
		};
		454FE67C19C77094002E4DEF /* PBXTargetDependency */ = {
			isa = PBXTargetDependency;
			target = 454FE66119C77031002E4DEF /* SwiftGraphicsPlayground */;
			targetProxy = 454FE67B19C77094002E4DEF /* PBXContainerItemProxy */;
		};
		454FE68219C77993002E4DEF /* PBXTargetDependency */ = {
			isa = PBXTargetDependency;
			target = 454D550619AA5CE6000E3EB3 /* SwiftGraphics_OSX */;
			targetProxy = 454FE68119C77993002E4DEF /* PBXContainerItemProxy */;
		};
		4582DB7919AA7A6700B7F5B4 /* PBXTargetDependency */ = {
			isa = PBXTargetDependency;
			target = 454D550619AA5CE6000E3EB3 /* SwiftGraphics_OSX */;
			targetProxy = 4582DB7819AA7A6700B7F5B4 /* PBXContainerItemProxy */;
		};
		45B8AE9419BCE57900C61A3F /* PBXTargetDependency */ = {
			isa = PBXTargetDependency;
			target = 454D550619AA5CE6000E3EB3 /* SwiftGraphics_OSX */;
			targetProxy = 45B8AE9319BCE57900C61A3F /* PBXContainerItemProxy */;
		};
		45B8AE9619BCE57900C61A3F /* PBXTargetDependency */ = {
			isa = PBXTargetDependency;
			target = 45DA4AC319AA62A800133F32 /* SwiftGraphics_iOS */;
			targetProxy = 45B8AE9519BCE57900C61A3F /* PBXContainerItemProxy */;
		};
		45CFDCBE1A61CEE400053F96 /* PBXTargetDependency */ = {
			isa = PBXTargetDependency;
			target = 454D550619AA5CE6000E3EB3 /* SwiftGraphics_OSX */;
			targetProxy = 45CFDCBD1A61CEE400053F96 /* PBXContainerItemProxy */;
		};
/* End PBXTargetDependency section */

/* Begin PBXVariantGroup section */
		45CFDCA81A61CE3500053F96 /* Main.storyboard */ = {
			isa = PBXVariantGroup;
			children = (
				45CFDCA91A61CE3500053F96 /* Base */,
			);
			name = Main.storyboard;
			sourceTree = "<group>";
		};
/* End PBXVariantGroup section */

/* Begin XCBuildConfiguration section */
		450155881A62F9F600D7FB7B /* Debug */ = {
			isa = XCBuildConfiguration;
			buildSettings = {
				COMBINE_HIDPI_IMAGES = YES;
				FRAMEWORK_SEARCH_PATHS = (
					"$(DEVELOPER_FRAMEWORKS_DIR)",
					"$(inherited)",
				);
				GCC_PREPROCESSOR_DEFINITIONS = (
					"DEBUG=1",
					"$(inherited)",
				);
				INFOPLIST_FILE = SwiftGraphicsPlayground_OSX_UnitTests/Info.plist;
				LD_RUNPATH_SEARCH_PATHS = "$(inherited) @executable_path/../Frameworks @loader_path/../Frameworks";
				PRODUCT_NAME = "$(TARGET_NAME)";
			};
			name = Debug;
		};
		450155891A62F9F600D7FB7B /* Release */ = {
			isa = XCBuildConfiguration;
			buildSettings = {
				COMBINE_HIDPI_IMAGES = YES;
				FRAMEWORK_SEARCH_PATHS = (
					"$(DEVELOPER_FRAMEWORKS_DIR)",
					"$(inherited)",
				);
				INFOPLIST_FILE = SwiftGraphicsPlayground_OSX_UnitTests/Info.plist;
				LD_RUNPATH_SEARCH_PATHS = "$(inherited) @executable_path/../Frameworks @loader_path/../Frameworks";
				PRODUCT_NAME = "$(TARGET_NAME)";
			};
			name = Release;
		};
		454D551819AA5CE6000E3EB3 /* Debug */ = {
			isa = XCBuildConfiguration;
			buildSettings = {
				ALWAYS_SEARCH_USER_PATHS = NO;
				CLANG_CXX_LANGUAGE_STANDARD = "gnu++0x";
				CLANG_CXX_LIBRARY = "libc++";
				CLANG_ENABLE_MODULES = YES;
				CLANG_ENABLE_OBJC_ARC = YES;
				CLANG_STATIC_ANALYZER_MODE = shallow;
				CLANG_WARN_BOOL_CONVERSION = YES;
				CLANG_WARN_CONSTANT_CONVERSION = YES;
				CLANG_WARN_DIRECT_OBJC_ISA_USAGE = YES_ERROR;
				CLANG_WARN_EMPTY_BODY = YES;
				CLANG_WARN_ENUM_CONVERSION = YES;
				CLANG_WARN_INT_CONVERSION = YES;
				CLANG_WARN_OBJC_ROOT_CLASS = YES_ERROR;
				CLANG_WARN_UNREACHABLE_CODE = YES;
				CLANG_WARN__DUPLICATE_METHOD_MATCH = YES;
				COPY_PHASE_STRIP = NO;
				CURRENT_PROJECT_VERSION = 1;
				ENABLE_STRICT_OBJC_MSGSEND = YES;
				GCC_C_LANGUAGE_STANDARD = gnu99;
				GCC_DYNAMIC_NO_PIC = NO;
				GCC_OPTIMIZATION_LEVEL = 0;
				GCC_PREPROCESSOR_DEFINITIONS = (
					"DEBUG=1",
					"$(inherited)",
				);
				GCC_SYMBOLS_PRIVATE_EXTERN = NO;
				GCC_TREAT_WARNINGS_AS_ERRORS = YES;
				GCC_WARN_64_TO_32_BIT_CONVERSION = YES;
				GCC_WARN_ABOUT_RETURN_TYPE = YES_ERROR;
				GCC_WARN_UNDECLARED_SELECTOR = YES;
				GCC_WARN_UNINITIALIZED_AUTOS = YES_AGGRESSIVE;
				GCC_WARN_UNUSED_FUNCTION = YES;
				GCC_WARN_UNUSED_VARIABLE = YES;
				MACOSX_DEPLOYMENT_TARGET = 10.10;
				MTL_ENABLE_DEBUG_INFO = YES;
				ONLY_ACTIVE_ARCH = YES;
				RUN_CLANG_STATIC_ANALYZER = YES;
				SDKROOT = macosx;
				SWIFT_OPTIMIZATION_LEVEL = "-Onone";
				VERSIONING_SYSTEM = "apple-generic";
				VERSION_INFO_PREFIX = "";
			};
			name = Debug;
		};
		454D551919AA5CE6000E3EB3 /* Release */ = {
			isa = XCBuildConfiguration;
			buildSettings = {
				ALWAYS_SEARCH_USER_PATHS = NO;
				CLANG_CXX_LANGUAGE_STANDARD = "gnu++0x";
				CLANG_CXX_LIBRARY = "libc++";
				CLANG_ENABLE_MODULES = YES;
				CLANG_ENABLE_OBJC_ARC = YES;
				CLANG_STATIC_ANALYZER_MODE = shallow;
				CLANG_WARN_BOOL_CONVERSION = YES;
				CLANG_WARN_CONSTANT_CONVERSION = YES;
				CLANG_WARN_DIRECT_OBJC_ISA_USAGE = YES_ERROR;
				CLANG_WARN_EMPTY_BODY = YES;
				CLANG_WARN_ENUM_CONVERSION = YES;
				CLANG_WARN_INT_CONVERSION = YES;
				CLANG_WARN_OBJC_ROOT_CLASS = YES_ERROR;
				CLANG_WARN_UNREACHABLE_CODE = YES;
				CLANG_WARN__DUPLICATE_METHOD_MATCH = YES;
				COPY_PHASE_STRIP = YES;
				CURRENT_PROJECT_VERSION = 1;
				DEBUG_INFORMATION_FORMAT = "dwarf-with-dsym";
				ENABLE_NS_ASSERTIONS = NO;
				ENABLE_STRICT_OBJC_MSGSEND = YES;
				GCC_C_LANGUAGE_STANDARD = gnu99;
				GCC_TREAT_WARNINGS_AS_ERRORS = YES;
				GCC_WARN_64_TO_32_BIT_CONVERSION = YES;
				GCC_WARN_ABOUT_RETURN_TYPE = YES_ERROR;
				GCC_WARN_UNDECLARED_SELECTOR = YES;
				GCC_WARN_UNINITIALIZED_AUTOS = YES_AGGRESSIVE;
				GCC_WARN_UNUSED_FUNCTION = YES;
				GCC_WARN_UNUSED_VARIABLE = YES;
				MACOSX_DEPLOYMENT_TARGET = 10.10;
				MTL_ENABLE_DEBUG_INFO = NO;
				RUN_CLANG_STATIC_ANALYZER = YES;
				SDKROOT = macosx;
				VERSIONING_SYSTEM = "apple-generic";
				VERSION_INFO_PREFIX = "";
			};
			name = Release;
		};
		454D551B19AA5CE6000E3EB3 /* Debug */ = {
			isa = XCBuildConfiguration;
			buildSettings = {
				CLANG_ENABLE_MODULES = YES;
				COMBINE_HIDPI_IMAGES = YES;
				DEFINES_MODULE = YES;
				DYLIB_COMPATIBILITY_VERSION = 1;
				DYLIB_CURRENT_VERSION = 1;
				DYLIB_INSTALL_NAME_BASE = "@rpath";
				FRAMEWORK_VERSION = A;
				INFOPLIST_FILE = SwiftGraphics_OSX/Info.plist;
				INSTALL_PATH = "$(LOCAL_LIBRARY_DIR)/Frameworks";
				LD_RUNPATH_SEARCH_PATHS = "$(inherited) @executable_path/../Frameworks @loader_path/Frameworks";
				PRODUCT_NAME = SwiftGraphics;
				SKIP_INSTALL = YES;
				SWIFT_OPTIMIZATION_LEVEL = "-Onone";
			};
			name = Debug;
		};
		454D551C19AA5CE6000E3EB3 /* Release */ = {
			isa = XCBuildConfiguration;
			buildSettings = {
				CLANG_ENABLE_MODULES = YES;
				COMBINE_HIDPI_IMAGES = YES;
				DEFINES_MODULE = YES;
				DYLIB_COMPATIBILITY_VERSION = 1;
				DYLIB_CURRENT_VERSION = 1;
				DYLIB_INSTALL_NAME_BASE = "@rpath";
				FRAMEWORK_VERSION = A;
				INFOPLIST_FILE = SwiftGraphics_OSX/Info.plist;
				INSTALL_PATH = "$(LOCAL_LIBRARY_DIR)/Frameworks";
				LD_RUNPATH_SEARCH_PATHS = "$(inherited) @executable_path/../Frameworks @loader_path/Frameworks";
				PRODUCT_NAME = SwiftGraphics;
				SKIP_INSTALL = YES;
			};
			name = Release;
		};
		454D551E19AA5CE6000E3EB3 /* Debug */ = {
			isa = XCBuildConfiguration;
			buildSettings = {
				COMBINE_HIDPI_IMAGES = YES;
				FRAMEWORK_SEARCH_PATHS = (
					"$(DEVELOPER_FRAMEWORKS_DIR)",
					"$(inherited)",
				);
				GCC_PREPROCESSOR_DEFINITIONS = (
					"DEBUG=1",
					"$(inherited)",
				);
				INFOPLIST_FILE = SwiftGraphics_UnitTests/Info.plist;
				LD_RUNPATH_SEARCH_PATHS = "$(inherited) @executable_path/../Frameworks @loader_path/../Frameworks";
				PRODUCT_NAME = "$(TARGET_NAME)";
			};
			name = Debug;
		};
		454D551F19AA5CE6000E3EB3 /* Release */ = {
			isa = XCBuildConfiguration;
			buildSettings = {
				COMBINE_HIDPI_IMAGES = YES;
				FRAMEWORK_SEARCH_PATHS = (
					"$(DEVELOPER_FRAMEWORKS_DIR)",
					"$(inherited)",
				);
				INFOPLIST_FILE = SwiftGraphics_UnitTests/Info.plist;
				LD_RUNPATH_SEARCH_PATHS = "$(inherited) @executable_path/../Frameworks @loader_path/../Frameworks";
				PRODUCT_NAME = "$(TARGET_NAME)";
			};
			name = Release;
		};
		454FE67619C77031002E4DEF /* Debug */ = {
			isa = XCBuildConfiguration;
			buildSettings = {
				CLANG_ENABLE_MODULES = YES;
				COMBINE_HIDPI_IMAGES = YES;
				DEFINES_MODULE = YES;
				DYLIB_COMPATIBILITY_VERSION = 1;
				DYLIB_CURRENT_VERSION = 1;
				DYLIB_INSTALL_NAME_BASE = "@rpath";
				FRAMEWORK_VERSION = A;
				GCC_PREPROCESSOR_DEFINITIONS = (
					"DEBUG=1",
					"$(inherited)",
				);
				INFOPLIST_FILE = SwiftGraphicsPlayground/Info.plist;
				INSTALL_PATH = "$(LOCAL_LIBRARY_DIR)/Frameworks";
				LD_RUNPATH_SEARCH_PATHS = "$(inherited) @executable_path/../Frameworks @loader_path/Frameworks";
				PRODUCT_NAME = "$(TARGET_NAME)";
				SKIP_INSTALL = YES;
				SWIFT_OPTIMIZATION_LEVEL = "-Onone";
			};
			name = Debug;
		};
		454FE67719C77031002E4DEF /* Release */ = {
			isa = XCBuildConfiguration;
			buildSettings = {
				CLANG_ENABLE_MODULES = YES;
				COMBINE_HIDPI_IMAGES = YES;
				DEFINES_MODULE = YES;
				DYLIB_COMPATIBILITY_VERSION = 1;
				DYLIB_CURRENT_VERSION = 1;
				DYLIB_INSTALL_NAME_BASE = "@rpath";
				FRAMEWORK_VERSION = A;
				INFOPLIST_FILE = SwiftGraphicsPlayground/Info.plist;
				INSTALL_PATH = "$(LOCAL_LIBRARY_DIR)/Frameworks";
				LD_RUNPATH_SEARCH_PATHS = "$(inherited) @executable_path/../Frameworks @loader_path/Frameworks";
				PRODUCT_NAME = "$(TARGET_NAME)";
				SKIP_INSTALL = YES;
			};
			name = Release;
		};
		45B8AE9119BCE56E00C61A3F /* Debug */ = {
			isa = XCBuildConfiguration;
			buildSettings = {
				PRODUCT_NAME = "$(TARGET_NAME)";
			};
			name = Debug;
		};
		45B8AE9219BCE56E00C61A3F /* Release */ = {
			isa = XCBuildConfiguration;
			buildSettings = {
				PRODUCT_NAME = "$(TARGET_NAME)";
			};
			name = Release;
		};
		45CFDCB81A61CE3500053F96 /* Debug */ = {
			isa = XCBuildConfiguration;
			buildSettings = {
				ASSETCATALOG_COMPILER_APPICON_NAME = AppIcon;
				CODE_SIGN_IDENTITY = "-";
				COMBINE_HIDPI_IMAGES = YES;
				GCC_PREPROCESSOR_DEFINITIONS = (
					"DEBUG=1",
					"$(inherited)",
				);
				INFOPLIST_FILE = SwiftGraphics_OSX_UITest/Info.plist;
				LD_RUNPATH_SEARCH_PATHS = "$(inherited) @executable_path/../Frameworks";
				PRODUCT_NAME = "$(TARGET_NAME)";
				SWIFT_OBJC_BRIDGING_HEADER = SwiftGraphics_OSX_UITest/BridgingHeader.h;
			};
			name = Debug;
		};
		45CFDCB91A61CE3500053F96 /* Release */ = {
			isa = XCBuildConfiguration;
			buildSettings = {
				ASSETCATALOG_COMPILER_APPICON_NAME = AppIcon;
				CODE_SIGN_IDENTITY = "-";
				COMBINE_HIDPI_IMAGES = YES;
				INFOPLIST_FILE = SwiftGraphics_OSX_UITest/Info.plist;
				LD_RUNPATH_SEARCH_PATHS = "$(inherited) @executable_path/../Frameworks";
				PRODUCT_NAME = "$(TARGET_NAME)";
				SWIFT_OBJC_BRIDGING_HEADER = SwiftGraphics_OSX_UITest/BridgingHeader.h;
			};
			name = Release;
		};
		45DA4AD419AA62A800133F32 /* Debug */ = {
			isa = XCBuildConfiguration;
			buildSettings = {
				CLANG_ENABLE_MODULES = YES;
				"CODE_SIGN_IDENTITY[sdk=iphoneos*]" = "iPhone Developer";
				DEFINES_MODULE = YES;
				DYLIB_COMPATIBILITY_VERSION = 1;
				DYLIB_CURRENT_VERSION = 1;
				DYLIB_INSTALL_NAME_BASE = "@rpath";
				GCC_PREPROCESSOR_DEFINITIONS = (
					"DEBUG=1",
					"$(inherited)",
				);
				INFOPLIST_FILE = SwiftGraphics_iOS/Info.plist;
				INSTALL_PATH = "$(LOCAL_LIBRARY_DIR)/Frameworks";
				IPHONEOS_DEPLOYMENT_TARGET = 8.0;
				LD_RUNPATH_SEARCH_PATHS = "$(inherited) @executable_path/Frameworks @loader_path/Frameworks";
				PRODUCT_NAME = SwiftGraphics;
				SDKROOT = iphoneos;
				SKIP_INSTALL = YES;
				SWIFT_OPTIMIZATION_LEVEL = "-Onone";
				TARGETED_DEVICE_FAMILY = "1,2";
			};
			name = Debug;
		};
		45DA4AD519AA62A800133F32 /* Release */ = {
			isa = XCBuildConfiguration;
			buildSettings = {
				CLANG_ENABLE_MODULES = YES;
				"CODE_SIGN_IDENTITY[sdk=iphoneos*]" = "iPhone Developer";
				DEFINES_MODULE = YES;
				DYLIB_COMPATIBILITY_VERSION = 1;
				DYLIB_CURRENT_VERSION = 1;
				DYLIB_INSTALL_NAME_BASE = "@rpath";
				INFOPLIST_FILE = SwiftGraphics_iOS/Info.plist;
				INSTALL_PATH = "$(LOCAL_LIBRARY_DIR)/Frameworks";
				IPHONEOS_DEPLOYMENT_TARGET = 8.0;
				LD_RUNPATH_SEARCH_PATHS = "$(inherited) @executable_path/Frameworks @loader_path/Frameworks";
				PRODUCT_NAME = SwiftGraphics;
				SDKROOT = iphoneos;
				SKIP_INSTALL = YES;
				TARGETED_DEVICE_FAMILY = "1,2";
				VALIDATE_PRODUCT = YES;
			};
			name = Release;
		};
/* End XCBuildConfiguration section */

/* Begin XCConfigurationList section */
		4501558A1A62F9F600D7FB7B /* Build configuration list for PBXNativeTarget "SwiftGraphicsPlayground_OSX_UnitTests" */ = {
			isa = XCConfigurationList;
			buildConfigurations = (
				450155881A62F9F600D7FB7B /* Debug */,
				450155891A62F9F600D7FB7B /* Release */,
			);
			defaultConfigurationIsVisible = 0;
			defaultConfigurationName = Release;
		};
		454D550119AA5CE6000E3EB3 /* Build configuration list for PBXProject "SwiftGraphics" */ = {
			isa = XCConfigurationList;
			buildConfigurations = (
				454D551819AA5CE6000E3EB3 /* Debug */,
				454D551919AA5CE6000E3EB3 /* Release */,
			);
			defaultConfigurationIsVisible = 0;
			defaultConfigurationName = Release;
		};
		454D551A19AA5CE6000E3EB3 /* Build configuration list for PBXNativeTarget "SwiftGraphics_OSX" */ = {
			isa = XCConfigurationList;
			buildConfigurations = (
				454D551B19AA5CE6000E3EB3 /* Debug */,
				454D551C19AA5CE6000E3EB3 /* Release */,
			);
			defaultConfigurationIsVisible = 0;
			defaultConfigurationName = Release;
		};
		454D551D19AA5CE6000E3EB3 /* Build configuration list for PBXNativeTarget "SwiftGraphicsTests" */ = {
			isa = XCConfigurationList;
			buildConfigurations = (
				454D551E19AA5CE6000E3EB3 /* Debug */,
				454D551F19AA5CE6000E3EB3 /* Release */,
			);
			defaultConfigurationIsVisible = 0;
			defaultConfigurationName = Release;
		};
		454FE67519C77031002E4DEF /* Build configuration list for PBXNativeTarget "SwiftGraphicsPlayground" */ = {
			isa = XCConfigurationList;
			buildConfigurations = (
				454FE67619C77031002E4DEF /* Debug */,
				454FE67719C77031002E4DEF /* Release */,
			);
			defaultConfigurationIsVisible = 0;
			defaultConfigurationName = Release;
		};
		45B8AE9019BCE56E00C61A3F /* Build configuration list for PBXAggregateTarget "All" */ = {
			isa = XCConfigurationList;
			buildConfigurations = (
				45B8AE9119BCE56E00C61A3F /* Debug */,
				45B8AE9219BCE56E00C61A3F /* Release */,
			);
			defaultConfigurationIsVisible = 0;
			defaultConfigurationName = Release;
		};
		45CFDCB71A61CE3500053F96 /* Build configuration list for PBXNativeTarget "SwiftGraphics_OSX_UITest" */ = {
			isa = XCConfigurationList;
			buildConfigurations = (
				45CFDCB81A61CE3500053F96 /* Debug */,
				45CFDCB91A61CE3500053F96 /* Release */,
			);
			defaultConfigurationIsVisible = 0;
			defaultConfigurationName = Release;
		};
		45DA4AD819AA62A800133F32 /* Build configuration list for PBXNativeTarget "SwiftGraphics_iOS" */ = {
			isa = XCConfigurationList;
			buildConfigurations = (
				45DA4AD419AA62A800133F32 /* Debug */,
				45DA4AD519AA62A800133F32 /* Release */,
			);
			defaultConfigurationIsVisible = 0;
			defaultConfigurationName = Release;
		};
/* End XCConfigurationList section */
	};
	rootObject = 454D54FE19AA5CE6000E3EB3 /* Project object */;
}
